Microsoft Visual Studio Solution File, Format Version 12.00
# Visual Studio Version 17
VisualStudioVersion = 17.0.31912.275
MinimumVisualStudioVersion = 10.0.40219.1
Project("{2150E333-8FDC-42A3-9474-1A3956D46DE8}") = "GettingStarted", "GettingStarted", "{B5A0C6C2-5F1A-4C8F-8C3D-6D6E2E8E1C11}"
EndProject
Project("{FAE04EC0-301F-11D3-BF4B-00C04F79EFBC}") = "01.LocalCodexCLI", "01.LocalCodexCLI/01.LocalCodexCLI.csproj", "{CB9C8A3D-0F9A-4E5A-8A3C-0F2C8F9E2B1C}"
EndProject
Project("{FAE04EC0-301F-11D3-BF4B-00C04F79EFBC}") = "01.LocalCodexCLI.Tests", "01.LocalCodexCLI/test/01.LocalCodexCLI.Tests/01.LocalCodexCLI.Tests.csproj", "{7B5F6E4D-2C1A-4B7E-9F32-2F8D2A1C3B4E}"
EndProject
Global
	GlobalSection(SolutionConfigurationPlatforms) = preSolution
		Debug|Any CPU = Debug|Any CPU
		Release|Any CPU = Release|Any CPU
	EndGlobalSection
	GlobalSection(ProjectConfigurationPlatforms) = postSolution
		{CB9C8A3D-0F9A-4E5A-8A3C-0F2C8F9E2B1C}.Debug|Any CPU.ActiveCfg = Debug|Any CPU
		{CB9C8A3D-0F9A-4E5A-8A3C-0F2C8F9E2B1C}.Debug|Any CPU.Build.0 = Debug|Any CPU
		{CB9C8A3D-0F9A-4E5A-8A3C-0F2C8F9E2B1C}.Release|Any CPU.ActiveCfg = Release|Any CPU
		{CB9C8A3D-0F9A-4E5A-8A3C-0F2C8F9E2B1C}.Release|Any CPU.Build.0 = Release|Any CPU
		{7B5F6E4D-2C1A-4B7E-9F32-2F8D2A1C3B4E}.Debug|Any CPU.ActiveCfg = Debug|Any CPU
		{7B5F6E4D-2C1A-4B7E-9F32-2F8D2A1C3B4E}.Debug|Any CPU.Build.0 = Debug|Any CPU
		{7B5F6E4D-2C1A-4B7E-9F32-2F8D2A1C3B4E}.Release|Any CPU.ActiveCfg = Release|Any CPU
		{7B5F6E4D-2C1A-4B7E-9F32-2F8D2A1C3B4E}.Release|Any CPU.Build.0 = Release|Any CPU
	EndGlobalSection
	GlobalSection(SolutionProperties) = preSolution
		HideSolutionNode = FALSE
	EndGlobalSection
	GlobalSection(NestedProjects) = preSolution
		{CB9C8A3D-0F9A-4E5A-8A3C-0F2C8F9E2B1C} = {B5A0C6C2-5F1A-4C8F-8C3D-6D6E2E8E1C11}
		{7B5F6E4D-2C1A-4B7E-9F32-2F8D2A1C3B4E} = {B5A0C6C2-5F1A-4C8F-8C3D-6D6E2E8E1C11}
	EndGlobalSection
EndGlobal
