
Microsoft Visual Studio Solution File, Format Version 12.00
# Visual Studio Version 17
VisualStudioVersion = 17.0.31903.59
MinimumVisualStudioVersion = 10.0.40219.1
Project("{FAE04EC0-301F-11D3-BF4B-00C04F79EFBC}") = "Coven.Core", "Coven.Core\Coven.Core.csproj", "{4991F737-CF83-4612-9FD9-44E8FEC9F29C}"
EndProject
Project("{FAE04EC0-301F-11D3-BF4B-00C04F79EFBC}") = "Coven.Core.Tests", "Coven.Core.Tests\Coven.Core.Tests.csproj", "{9F0BE0E2-8E44-4BFB-91E8-9E258C7E3C1E}"
EndProject
Project("{FAE04EC0-301F-11D3-BF4B-00C04F79EFBC}") = "Coven.Analyzers", "Coven.Analyzers\Coven.Analyzers.csproj", "{F3B6A1E0-5E9C-4EF4-9B8D-61EAE1BF7B11}"
EndProject
Project("{FAE04EC0-301F-11D3-BF4B-00C04F79EFBC}") = "Coven.Analyzers.Tests", "Coven.Analyzers.Tests\Coven.Analyzers.Tests.csproj", "{B9DA2F30-9E87-4FC2-8B7D-1C6C2C6735A3}"
EndProject
Project("{FAE04EC0-301F-11D3-BF4B-00C04F79EFBC}") = "Coven.Analyzers.CodeFixes", "Coven.Analyzers.CodeFixes\Coven.Analyzers.CodeFixes.csproj", "{3CABF452-867F-46EE-990D-ADF1F8DEAA24}"
EndProject
Project("{FAE04EC0-301F-11D3-BF4B-00C04F79EFBC}") = "Coven.Spellcasting", "Coven.Spellcasting\Coven.Spellcasting.csproj", "{F7E4B0C1-2D2B-4E8C-9E44-9A6F0CE9D2C1}"
EndProject
Project("{FAE04EC0-301F-11D3-BF4B-00C04F79EFBC}") = "Coven.Spellcasting.Tests", "Coven.Spellcasting.Tests\Coven.Spellcasting.Tests.csproj", "{2A51B89D-6EC7-4F4E-9E25-1D0669E4E5E0}"
EndProject
Project("{FAE04EC0-301F-11D3-BF4B-00C04F79EFBC}") = "Coven.Spellcasting.Agents", "Coven.Spellcasting.Agents\Coven.Spellcasting.Agents.csproj", "{A8C9D25E-2E0E-4F17-94F9-7D7E8F2A9C30}"
EndProject
Project("{FAE04EC0-301F-11D3-BF4B-00C04F79EFBC}") = "Coven.Spellcasting.Agents.Tests", "Coven.Spellcasting.Agents.Tests\Coven.Spellcasting.Agents.Tests.csproj", "{4B7E6B3D-5E3A-4E93-8B65-5C9E14B9C2A1}"
EndProject
Project("{FAE04EC0-301F-11D3-BF4B-00C04F79EFBC}") = "Coven.Spellcasting.Agents.Codex", "Coven.Spellcasting.Agents.Codex\Coven.Spellcasting.Agents.Codex.csproj", "{E5A33E8C-3C50-4C84-A5BC-3B36EFBB2E0A}"
EndProject
Global
	GlobalSection(SolutionConfigurationPlatforms) = preSolution
		Debug|Any CPU = Debug|Any CPU
		Debug|x64 = Debug|x64
		Debug|x86 = Debug|x86
		Release|Any CPU = Release|Any CPU
		Release|x64 = Release|x64
		Release|x86 = Release|x86
	EndGlobalSection
	GlobalSection(ProjectConfigurationPlatforms) = postSolution
		{4991F737-CF83-4612-9FD9-44E8FEC9F29C}.Debug|Any CPU.ActiveCfg = Debug|Any CPU
		{4991F737-CF83-4612-9FD9-44E8FEC9F29C}.Debug|Any CPU.Build.0 = Debug|Any CPU
		{4991F737-CF83-4612-9FD9-44E8FEC9F29C}.Debug|x64.ActiveCfg = Debug|Any CPU
		{4991F737-CF83-4612-9FD9-44E8FEC9F29C}.Debug|x64.Build.0 = Debug|Any CPU
		{4991F737-CF83-4612-9FD9-44E8FEC9F29C}.Debug|x86.ActiveCfg = Debug|Any CPU
		{4991F737-CF83-4612-9FD9-44E8FEC9F29C}.Debug|x86.Build.0 = Debug|Any CPU
		{4991F737-CF83-4612-9FD9-44E8FEC9F29C}.Release|Any CPU.ActiveCfg = Release|Any CPU
		{4991F737-CF83-4612-9FD9-44E8FEC9F29C}.Release|Any CPU.Build.0 = Release|Any CPU
		{4991F737-CF83-4612-9FD9-44E8FEC9F29C}.Release|x64.ActiveCfg = Release|Any CPU
		{4991F737-CF83-4612-9FD9-44E8FEC9F29C}.Release|x64.Build.0 = Release|Any CPU
		{4991F737-CF83-4612-9FD9-44E8FEC9F29C}.Release|x86.ActiveCfg = Release|Any CPU
		{4991F737-CF83-4612-9FD9-44E8FEC9F29C}.Release|x86.Build.0 = Release|Any CPU
		{9F0BE0E2-8E44-4BFB-91E8-9E258C7E3C1E}.Debug|Any CPU.ActiveCfg = Debug|Any CPU
		{9F0BE0E2-8E44-4BFB-91E8-9E258C7E3C1E}.Debug|Any CPU.Build.0 = Debug|Any CPU
		{9F0BE0E2-8E44-4BFB-91E8-9E258C7E3C1E}.Debug|x64.ActiveCfg = Debug|Any CPU
		{9F0BE0E2-8E44-4BFB-91E8-9E258C7E3C1E}.Debug|x64.Build.0 = Debug|Any CPU
		{9F0BE0E2-8E44-4BFB-91E8-9E258C7E3C1E}.Debug|x86.ActiveCfg = Debug|Any CPU
		{9F0BE0E2-8E44-4BFB-91E8-9E258C7E3C1E}.Debug|x86.Build.0 = Debug|Any CPU
		{9F0BE0E2-8E44-4BFB-91E8-9E258C7E3C1E}.Release|Any CPU.ActiveCfg = Release|Any CPU
		{9F0BE0E2-8E44-4BFB-91E8-9E258C7E3C1E}.Release|Any CPU.Build.0 = Release|Any CPU
		{9F0BE0E2-8E44-4BFB-91E8-9E258C7E3C1E}.Release|x64.ActiveCfg = Release|Any CPU
		{9F0BE0E2-8E44-4BFB-91E8-9E258C7E3C1E}.Release|x64.Build.0 = Release|Any CPU
		{9F0BE0E2-8E44-4BFB-91E8-9E258C7E3C1E}.Release|x86.ActiveCfg = Release|Any CPU
		{9F0BE0E2-8E44-4BFB-91E8-9E258C7E3C1E}.Release|x86.Build.0 = Release|Any CPU
		{F3B6A1E0-5E9C-4EF4-9B8D-61EAE1BF7B11}.Debug|Any CPU.ActiveCfg = Debug|Any CPU
		{F3B6A1E0-5E9C-4EF4-9B8D-61EAE1BF7B11}.Debug|Any CPU.Build.0 = Debug|Any CPU
		{F3B6A1E0-5E9C-4EF4-9B8D-61EAE1BF7B11}.Debug|x64.ActiveCfg = Debug|Any CPU
		{F3B6A1E0-5E9C-4EF4-9B8D-61EAE1BF7B11}.Debug|x64.Build.0 = Debug|Any CPU
		{F3B6A1E0-5E9C-4EF4-9B8D-61EAE1BF7B11}.Debug|x86.ActiveCfg = Debug|Any CPU
		{F3B6A1E0-5E9C-4EF4-9B8D-61EAE1BF7B11}.Debug|x86.Build.0 = Debug|Any CPU
		{F3B6A1E0-5E9C-4EF4-9B8D-61EAE1BF7B11}.Release|Any CPU.ActiveCfg = Release|Any CPU
		{F3B6A1E0-5E9C-4EF4-9B8D-61EAE1BF7B11}.Release|Any CPU.Build.0 = Release|Any CPU
		{F3B6A1E0-5E9C-4EF4-9B8D-61EAE1BF7B11}.Release|x64.ActiveCfg = Release|Any CPU
		{F3B6A1E0-5E9C-4EF4-9B8D-61EAE1BF7B11}.Release|x64.Build.0 = Release|Any CPU
		{F3B6A1E0-5E9C-4EF4-9B8D-61EAE1BF7B11}.Release|x86.ActiveCfg = Release|Any CPU
		{F3B6A1E0-5E9C-4EF4-9B8D-61EAE1BF7B11}.Release|x86.Build.0 = Release|Any CPU
		{B9DA2F30-9E87-4FC2-8B7D-1C6C2C6735A3}.Debug|Any CPU.ActiveCfg = Debug|Any CPU
		{B9DA2F30-9E87-4FC2-8B7D-1C6C2C6735A3}.Debug|Any CPU.Build.0 = Debug|Any CPU
		{B9DA2F30-9E87-4FC2-8B7D-1C6C2C6735A3}.Debug|x64.ActiveCfg = Debug|Any CPU
		{B9DA2F30-9E87-4FC2-8B7D-1C6C2C6735A3}.Debug|x64.Build.0 = Debug|Any CPU
		{B9DA2F30-9E87-4FC2-8B7D-1C6C2C6735A3}.Debug|x86.ActiveCfg = Debug|Any CPU
		{B9DA2F30-9E87-4FC2-8B7D-1C6C2C6735A3}.Debug|x86.Build.0 = Debug|Any CPU
		{B9DA2F30-9E87-4FC2-8B7D-1C6C2C6735A3}.Release|Any CPU.ActiveCfg = Release|Any CPU
		{B9DA2F30-9E87-4FC2-8B7D-1C6C2C6735A3}.Release|Any CPU.Build.0 = Release|Any CPU
		{B9DA2F30-9E87-4FC2-8B7D-1C6C2C6735A3}.Release|x64.ActiveCfg = Release|Any CPU
		{B9DA2F30-9E87-4FC2-8B7D-1C6C2C6735A3}.Release|x64.Build.0 = Release|Any CPU
		{B9DA2F30-9E87-4FC2-8B7D-1C6C2C6735A3}.Release|x86.ActiveCfg = Release|Any CPU
		{B9DA2F30-9E87-4FC2-8B7D-1C6C2C6735A3}.Release|x86.Build.0 = Release|Any CPU
		{3CABF452-867F-46EE-990D-ADF1F8DEAA24}.Debug|Any CPU.ActiveCfg = Debug|Any CPU
		{3CABF452-867F-46EE-990D-ADF1F8DEAA24}.Debug|Any CPU.Build.0 = Debug|Any CPU
		{3CABF452-867F-46EE-990D-ADF1F8DEAA24}.Debug|x64.ActiveCfg = Debug|Any CPU
		{3CABF452-867F-46EE-990D-ADF1F8DEAA24}.Debug|x64.Build.0 = Debug|Any CPU
		{3CABF452-867F-46EE-990D-ADF1F8DEAA24}.Debug|x86.ActiveCfg = Debug|Any CPU
		{3CABF452-867F-46EE-990D-ADF1F8DEAA24}.Debug|x86.Build.0 = Debug|Any CPU
		{3CABF452-867F-46EE-990D-ADF1F8DEAA24}.Release|Any CPU.ActiveCfg = Release|Any CPU
		{3CABF452-867F-46EE-990D-ADF1F8DEAA24}.Release|Any CPU.Build.0 = Release|Any CPU
		{3CABF452-867F-46EE-990D-ADF1F8DEAA24}.Release|x64.ActiveCfg = Release|Any CPU
		{3CABF452-867F-46EE-990D-ADF1F8DEAA24}.Release|x64.Build.0 = Release|Any CPU
		{3CABF452-867F-46EE-990D-ADF1F8DEAA24}.Release|x86.ActiveCfg = Release|Any CPU
		{3CABF452-867F-46EE-990D-ADF1F8DEAA24}.Release|x86.Build.0 = Release|Any CPU
		{F7E4B0C1-2D2B-4E8C-9E44-9A6F0CE9D2C1}.Debug|Any CPU.ActiveCfg = Debug|Any CPU
		{F7E4B0C1-2D2B-4E8C-9E44-9A6F0CE9D2C1}.Debug|Any CPU.Build.0 = Debug|Any CPU
		{F7E4B0C1-2D2B-4E8C-9E44-9A6F0CE9D2C1}.Debug|x64.ActiveCfg = Debug|Any CPU
		{F7E4B0C1-2D2B-4E8C-9E44-9A6F0CE9D2C1}.Debug|x64.Build.0 = Debug|Any CPU
		{F7E4B0C1-2D2B-4E8C-9E44-9A6F0CE9D2C1}.Debug|x86.ActiveCfg = Debug|Any CPU
		{F7E4B0C1-2D2B-4E8C-9E44-9A6F0CE9D2C1}.Debug|x86.Build.0 = Debug|Any CPU
		{F7E4B0C1-2D2B-4E8C-9E44-9A6F0CE9D2C1}.Release|Any CPU.ActiveCfg = Release|Any CPU
		{F7E4B0C1-2D2B-4E8C-9E44-9A6F0CE9D2C1}.Release|Any CPU.Build.0 = Release|Any CPU
		{F7E4B0C1-2D2B-4E8C-9E44-9A6F0CE9D2C1}.Release|x64.ActiveCfg = Release|Any CPU
		{F7E4B0C1-2D2B-4E8C-9E44-9A6F0CE9D2C1}.Release|x64.Build.0 = Release|Any CPU
		{F7E4B0C1-2D2B-4E8C-9E44-9A6F0CE9D2C1}.Release|x86.ActiveCfg = Release|Any CPU
		{F7E4B0C1-2D2B-4E8C-9E44-9A6F0CE9D2C1}.Release|x86.Build.0 = Release|Any CPU
		{2A51B89D-6EC7-4F4E-9E25-1D0669E4E5E0}.Debug|Any CPU.ActiveCfg = Debug|Any CPU
		{2A51B89D-6EC7-4F4E-9E25-1D0669E4E5E0}.Debug|Any CPU.Build.0 = Debug|Any CPU
		{2A51B89D-6EC7-4F4E-9E25-1D0669E4E5E0}.Debug|x64.ActiveCfg = Debug|Any CPU
		{2A51B89D-6EC7-4F4E-9E25-1D0669E4E5E0}.Debug|x64.Build.0 = Debug|Any CPU
		{2A51B89D-6EC7-4F4E-9E25-1D0669E4E5E0}.Debug|x86.ActiveCfg = Debug|Any CPU
		{2A51B89D-6EC7-4F4E-9E25-1D0669E4E5E0}.Debug|x86.Build.0 = Debug|Any CPU
		{2A51B89D-6EC7-4F4E-9E25-1D0669E4E5E0}.Release|Any CPU.ActiveCfg = Release|Any CPU
		{2A51B89D-6EC7-4F4E-9E25-1D0669E4E5E0}.Release|Any CPU.Build.0 = Release|Any CPU
		{2A51B89D-6EC7-4F4E-9E25-1D0669E4E5E0}.Release|x64.ActiveCfg = Release|Any CPU
		{2A51B89D-6EC7-4F4E-9E25-1D0669E4E5E0}.Release|x64.Build.0 = Release|Any CPU
		{2A51B89D-6EC7-4F4E-9E25-1D0669E4E5E0}.Release|x86.ActiveCfg = Release|Any CPU
		{2A51B89D-6EC7-4F4E-9E25-1D0669E4E5E0}.Release|x86.Build.0 = Release|Any CPU
		{A8C9D25E-2E0E-4F17-94F9-7D7E8F2A9C30}.Debug|Any CPU.ActiveCfg = Debug|Any CPU
		{A8C9D25E-2E0E-4F17-94F9-7D7E8F2A9C30}.Debug|Any CPU.Build.0 = Debug|Any CPU
		{A8C9D25E-2E0E-4F17-94F9-7D7E8F2A9C30}.Debug|x64.ActiveCfg = Debug|Any CPU
		{A8C9D25E-2E0E-4F17-94F9-7D7E8F2A9C30}.Debug|x64.Build.0 = Debug|Any CPU
		{A8C9D25E-2E0E-4F17-94F9-7D7E8F2A9C30}.Debug|x86.ActiveCfg = Debug|Any CPU
		{A8C9D25E-2E0E-4F17-94F9-7D7E8F2A9C30}.Debug|x86.Build.0 = Debug|Any CPU
		{A8C9D25E-2E0E-4F17-94F9-7D7E8F2A9C30}.Release|Any CPU.ActiveCfg = Release|Any CPU
		{A8C9D25E-2E0E-4F17-94F9-7D7E8F2A9C30}.Release|Any CPU.Build.0 = Release|Any CPU
		{A8C9D25E-2E0E-4F17-94F9-7D7E8F2A9C30}.Release|x64.ActiveCfg = Release|Any CPU
		{A8C9D25E-2E0E-4F17-94F9-7D7E8F2A9C30}.Release|x64.Build.0 = Release|Any CPU
		{A8C9D25E-2E0E-4F17-94F9-7D7E8F2A9C30}.Release|x86.ActiveCfg = Release|Any CPU
		{A8C9D25E-2E0E-4F17-94F9-7D7E8F2A9C30}.Release|x86.Build.0 = Release|Any CPU
		{4B7E6B3D-5E3A-4E93-8B65-5C9E14B9C2A1}.Debug|Any CPU.ActiveCfg = Debug|Any CPU
		{4B7E6B3D-5E3A-4E93-8B65-5C9E14B9C2A1}.Debug|Any CPU.Build.0 = Debug|Any CPU
		{4B7E6B3D-5E3A-4E93-8B65-5C9E14B9C2A1}.Debug|x64.ActiveCfg = Debug|Any CPU
		{4B7E6B3D-5E3A-4E93-8B65-5C9E14B9C2A1}.Debug|x64.Build.0 = Debug|Any CPU
		{4B7E6B3D-5E3A-4E93-8B65-5C9E14B9C2A1}.Debug|x86.ActiveCfg = Debug|Any CPU
		{4B7E6B3D-5E3A-4E93-8B65-5C9E14B9C2A1}.Debug|x86.Build.0 = Debug|Any CPU
		{4B7E6B3D-5E3A-4E93-8B65-5C9E14B9C2A1}.Release|Any CPU.ActiveCfg = Release|Any CPU
		{4B7E6B3D-5E3A-4E93-8B65-5C9E14B9C2A1}.Release|Any CPU.Build.0 = Release|Any CPU
		{4B7E6B3D-5E3A-4E93-8B65-5C9E14B9C2A1}.Release|x64.ActiveCfg = Release|Any CPU
		{4B7E6B3D-5E3A-4E93-8B65-5C9E14B9C2A1}.Release|x64.Build.0 = Release|Any CPU
		{4B7E6B3D-5E3A-4E93-8B65-5C9E14B9C2A1}.Release|x86.ActiveCfg = Release|Any CPU
		{4B7E6B3D-5E3A-4E93-8B65-5C9E14B9C2A1}.Release|x86.Build.0 = Release|Any CPU
		{E5A33E8C-3C50-4C84-A5BC-3B36EFBB2E0A}.Debug|Any CPU.ActiveCfg = Debug|Any CPU
		{E5A33E8C-3C50-4C84-A5BC-3B36EFBB2E0A}.Debug|Any CPU.Build.0 = Debug|Any CPU
		{E5A33E8C-3C50-4C84-A5BC-3B36EFBB2E0A}.Debug|x64.ActiveCfg = Debug|Any CPU
		{E5A33E8C-3C50-4C84-A5BC-3B36EFBB2E0A}.Debug|x64.Build.0 = Debug|Any CPU
		{E5A33E8C-3C50-4C84-A5BC-3B36EFBB2E0A}.Debug|x86.ActiveCfg = Debug|Any CPU
		{E5A33E8C-3C50-4C84-A5BC-3B36EFBB2E0A}.Debug|x86.Build.0 = Debug|Any CPU
		{E5A33E8C-3C50-4C84-A5BC-3B36EFBB2E0A}.Release|Any CPU.ActiveCfg = Release|Any CPU
		{E5A33E8C-3C50-4C84-A5BC-3B36EFBB2E0A}.Release|Any CPU.Build.0 = Release|Any CPU
		{E5A33E8C-3C50-4C84-A5BC-3B36EFBB2E0A}.Release|x64.ActiveCfg = Release|Any CPU
		{E5A33E8C-3C50-4C84-A5BC-3B36EFBB2E0A}.Release|x64.Build.0 = Release|Any CPU
		{E5A33E8C-3C50-4C84-A5BC-3B36EFBB2E0A}.Release|x86.ActiveCfg = Release|Any CPU
		{E5A33E8C-3C50-4C84-A5BC-3B36EFBB2E0A}.Release|x86.Build.0 = Release|Any CPU
	EndGlobalSection
	GlobalSection(SolutionProperties) = preSolution
		HideSolutionNode = FALSE
	EndGlobalSection
EndGlobal
