
Microsoft Visual Studio Solution File, Format Version 12.00
# Visual Studio Version 17
VisualStudioVersion = 17.0.31903.59
MinimumVisualStudioVersion = 10.0.40219.1
Project("{FAE04EC0-301F-11D3-BF4B-00C04F79EFBC}") = "Coven.Core", "Coven.Core\Coven.Core.csproj", "{4991F737-CF83-4612-9FD9-44E8FEC9F29C}"
EndProject
Project("{FAE04EC0-301F-11D3-BF4B-00C04F79EFBC}") = "Coven.Core.Tests", "Coven.Core.Tests\Coven.Core.Tests.csproj", "{9F0BE0E2-8E44-4BFB-91E8-9E258C7E3C1E}"
EndProject
Project("{FAE04EC0-301F-11D3-BF4B-00C04F79EFBC}") = "Coven.Spellcasting", "Coven.Spellcasting\Coven.Spellcasting.csproj", "{F7E4B0C1-2D2B-4E8C-9E44-9A6F0CE9D2C1}"
EndProject
Project("{FAE04EC0-301F-11D3-BF4B-00C04F79EFBC}") = "Coven.Chat", "Coven.Chat\Coven.Chat.csproj", "{334A8E5A-AE90-4A5F-B569-B48CFCC2DFCA}"
EndProject
Project("{FAE04EC0-301F-11D3-BF4B-00C04F79EFBC}") = "Coven.Daemonology", "Coven.Daemonology\Coven.Daemonology.csproj", "{2A935527-28BB-4A1D-A4B6-CF0F82E7D0C5}"
EndProject
Project("{FAE04EC0-301F-11D3-BF4B-00C04F79EFBC}") = "Coven.Daemonology.Tests", "Coven.Daemonology.Tests\Coven.Daemonology.Tests.csproj", "{3A5E2620-11B6-4DE2-B52D-4EC6888728E6}"
EndProject
Project("{FAE04EC0-301F-11D3-BF4B-00C04F79EFBC}") = "Coven.Transmutation", "Coven.Transmutation\Coven.Transmutation.csproj", "{E1407EC7-25B0-403A-9F6B-49D39540DDB9}"
EndProject
Project("{FAE04EC0-301F-11D3-BF4B-00C04F79EFBC}") = "Coven.Chat.Discord", "Coven.Chat.Discord\Coven.Chat.Discord.csproj", "{C80D1245-0762-448C-979A-6E3B3661DCC4}"
EndProject
Project("{2150E333-8FDC-42A3-9474-1A3956D46DE8}") = "toys", "toys", "{28A4673F-9138-6225-6D15-8B1CCBEDA19D}"
EndProject
Project("{FAE04EC0-301F-11D3-BF4B-00C04F79EFBC}") = "Coven.Toys.DiscordChat", "toys\Coven.Toys.DiscordChat\Coven.Toys.DiscordChat.csproj", "{615A4459-0FDB-4233-8116-DDE3DFA5AF2B}"
EndProject
Project("{FAE04EC0-301F-11D3-BF4B-00C04F79EFBC}") = "Coven.Agents", "Coven.Agents\Coven.Agents.csproj", "{4A99FAAC-A9C0-4D50-87F2-745F816635C8}"
EndProject
Project("{FAE04EC0-301F-11D3-BF4B-00C04F79EFBC}") = "Coven.Agents.OpenAI", "Coven.Agents.OpenAI\Coven.Agents.OpenAI.csproj", "{AB7AE09F-D931-4E8E-A49A-978203CE8A0B}"
EndProject
Project("{FAE04EC0-301F-11D3-BF4B-00C04F79EFBC}") = "Coven.Chat.Console", "Coven.Chat.Console\Coven.Chat.Console.csproj", "{3E734B5A-96DE-4891-9F42-F0D40A7BCF90}"
EndProject
Project("{FAE04EC0-301F-11D3-BF4B-00C04F79EFBC}") = "Coven.Toys.ConsoleChat", "toys\Coven.Toys.ConsoleChat\Coven.Toys.ConsoleChat.csproj", "{D18FBE36-789B-48E4-9E4C-E695B7C21946}"
EndProject
Project("{FAE04EC0-301F-11D3-BF4B-00C04F79EFBC}") = "Coven.Toys.ConsoleOpenAI", "toys\Coven.Toys.ConsoleOpenAI\Coven.Toys.ConsoleOpenAI.csproj", "{5A9909A5-2FDB-4FAA-9BAE-45B9334BAD59}"
EndProject
Project("{2150E333-8FDC-42A3-9474-1A3956D46DE8}") = "samples", "samples", "{5D20AA90-6969-D8BD-9DCD-8634F4692FDA}"
EndProject
Project("{FAE04EC0-301F-11D3-BF4B-00C04F79EFBC}") = "DiscordAgent", "samples\01.DiscordAgent\DiscordAgent.csproj", "{7021B9A6-B5F7-4CE8-AA8E-A9D0E02F90AF}"
EndProject
Project("{FAE04EC0-301F-11D3-BF4B-00C04F79EFBC}") = "Coven.Toys.ConsoleOpenAIStreaming", "toys\Coven.Toys.ConsoleOpenAIStreaming\Coven.Toys.ConsoleOpenAIStreaming.csproj", "{1D6A8099-642A-4DAF-9103-A8324AE31930}"
EndProject
Project("{FAE04EC0-301F-11D3-BF4B-00C04F79EFBC}") = "Coven.Core.Streaming", "Coven.Core.Streaming\Coven.Core.Streaming.csproj", "{93FC0DC5-E88C-4413-A98D-67F5CDD35C33}"
EndProject
Project("{FAE04EC0-301F-11D3-BF4B-00C04F79EFBC}") = "Coven.Toys.DiscordStreaming", "toys\Coven.Toys.DiscordStreaming\Coven.Toys.DiscordStreaming.csproj", "{08F6A76C-CF62-4113-8740-CF5EF8115F99}"
EndProject
Project("{FAE04EC0-301F-11D3-BF4B-00C04F79EFBC}") = "Coven.Scriveners.FileScrivener", "Coven.Scriveners.FileScrivener\Coven.Scriveners.FileScrivener.csproj", "{31A02263-5D48-4EEC-B5ED-28876DEC2CB5}"
EndProject
Project("{FAE04EC0-301F-11D3-BF4B-00C04F79EFBC}") = "Coven.Toys.FileScrivenerConsole", "toys\Coven.Toys.FileScrivenerConsole\Coven.Toys.FileScrivenerConsole.csproj", "{243BAC56-0FB0-43BC-91DB-DC341F0D64FA}"
EndProject
Project("{FAE04EC0-301F-11D3-BF4B-00C04F79EFBC}") = "Coven.Covenants.Tests", "Coven.Covenants.Tests\Coven.Covenants.Tests.csproj", "{2B0ADECD-24E8-4CAF-99C6-FE74E4159E1F}"
EndProject
Global
	GlobalSection(SolutionConfigurationPlatforms) = preSolution
		Debug|Any CPU = Debug|Any CPU
		Debug|x64 = Debug|x64
		Debug|x86 = Debug|x86
		Release|Any CPU = Release|Any CPU
		Release|x64 = Release|x64
		Release|x86 = Release|x86
	EndGlobalSection
	GlobalSection(ProjectConfigurationPlatforms) = postSolution
		{4991F737-CF83-4612-9FD9-44E8FEC9F29C}.Debug|Any CPU.ActiveCfg = Debug|Any CPU
		{4991F737-CF83-4612-9FD9-44E8FEC9F29C}.Debug|Any CPU.Build.0 = Debug|Any CPU
		{4991F737-CF83-4612-9FD9-44E8FEC9F29C}.Debug|x64.ActiveCfg = Debug|Any CPU
		{4991F737-CF83-4612-9FD9-44E8FEC9F29C}.Debug|x64.Build.0 = Debug|Any CPU
		{4991F737-CF83-4612-9FD9-44E8FEC9F29C}.Debug|x86.ActiveCfg = Debug|Any CPU
		{4991F737-CF83-4612-9FD9-44E8FEC9F29C}.Debug|x86.Build.0 = Debug|Any CPU
		{4991F737-CF83-4612-9FD9-44E8FEC9F29C}.Release|Any CPU.ActiveCfg = Release|Any CPU
		{4991F737-CF83-4612-9FD9-44E8FEC9F29C}.Release|Any CPU.Build.0 = Release|Any CPU
		{4991F737-CF83-4612-9FD9-44E8FEC9F29C}.Release|x64.ActiveCfg = Release|Any CPU
		{4991F737-CF83-4612-9FD9-44E8FEC9F29C}.Release|x64.Build.0 = Release|Any CPU
		{4991F737-CF83-4612-9FD9-44E8FEC9F29C}.Release|x86.ActiveCfg = Release|Any CPU
		{4991F737-CF83-4612-9FD9-44E8FEC9F29C}.Release|x86.Build.0 = Release|Any CPU
		{9F0BE0E2-8E44-4BFB-91E8-9E258C7E3C1E}.Debug|Any CPU.ActiveCfg = Debug|Any CPU
		{9F0BE0E2-8E44-4BFB-91E8-9E258C7E3C1E}.Debug|Any CPU.Build.0 = Debug|Any CPU
		{9F0BE0E2-8E44-4BFB-91E8-9E258C7E3C1E}.Debug|x64.ActiveCfg = Debug|Any CPU
		{9F0BE0E2-8E44-4BFB-91E8-9E258C7E3C1E}.Debug|x64.Build.0 = Debug|Any CPU
		{9F0BE0E2-8E44-4BFB-91E8-9E258C7E3C1E}.Debug|x86.ActiveCfg = Debug|Any CPU
		{9F0BE0E2-8E44-4BFB-91E8-9E258C7E3C1E}.Debug|x86.Build.0 = Debug|Any CPU
		{9F0BE0E2-8E44-4BFB-91E8-9E258C7E3C1E}.Release|Any CPU.ActiveCfg = Release|Any CPU
		{9F0BE0E2-8E44-4BFB-91E8-9E258C7E3C1E}.Release|Any CPU.Build.0 = Release|Any CPU
		{9F0BE0E2-8E44-4BFB-91E8-9E258C7E3C1E}.Release|x64.ActiveCfg = Release|Any CPU
		{9F0BE0E2-8E44-4BFB-91E8-9E258C7E3C1E}.Release|x64.Build.0 = Release|Any CPU
		{9F0BE0E2-8E44-4BFB-91E8-9E258C7E3C1E}.Release|x86.ActiveCfg = Release|Any CPU
		{9F0BE0E2-8E44-4BFB-91E8-9E258C7E3C1E}.Release|x86.Build.0 = Release|Any CPU
		{F7E4B0C1-2D2B-4E8C-9E44-9A6F0CE9D2C1}.Debug|Any CPU.ActiveCfg = Debug|Any CPU
		{F7E4B0C1-2D2B-4E8C-9E44-9A6F0CE9D2C1}.Debug|Any CPU.Build.0 = Debug|Any CPU
		{F7E4B0C1-2D2B-4E8C-9E44-9A6F0CE9D2C1}.Debug|x64.ActiveCfg = Debug|Any CPU
		{F7E4B0C1-2D2B-4E8C-9E44-9A6F0CE9D2C1}.Debug|x64.Build.0 = Debug|Any CPU
		{F7E4B0C1-2D2B-4E8C-9E44-9A6F0CE9D2C1}.Debug|x86.ActiveCfg = Debug|Any CPU
		{F7E4B0C1-2D2B-4E8C-9E44-9A6F0CE9D2C1}.Debug|x86.Build.0 = Debug|Any CPU
		{F7E4B0C1-2D2B-4E8C-9E44-9A6F0CE9D2C1}.Release|Any CPU.ActiveCfg = Release|Any CPU
		{F7E4B0C1-2D2B-4E8C-9E44-9A6F0CE9D2C1}.Release|Any CPU.Build.0 = Release|Any CPU
		{F7E4B0C1-2D2B-4E8C-9E44-9A6F0CE9D2C1}.Release|x64.ActiveCfg = Release|Any CPU
		{F7E4B0C1-2D2B-4E8C-9E44-9A6F0CE9D2C1}.Release|x64.Build.0 = Release|Any CPU
		{F7E4B0C1-2D2B-4E8C-9E44-9A6F0CE9D2C1}.Release|x86.ActiveCfg = Release|Any CPU
		{F7E4B0C1-2D2B-4E8C-9E44-9A6F0CE9D2C1}.Release|x86.Build.0 = Release|Any CPU
		{334A8E5A-AE90-4A5F-B569-B48CFCC2DFCA}.Debug|Any CPU.ActiveCfg = Debug|Any CPU
		{334A8E5A-AE90-4A5F-B569-B48CFCC2DFCA}.Debug|Any CPU.Build.0 = Debug|Any CPU
		{334A8E5A-AE90-4A5F-B569-B48CFCC2DFCA}.Debug|x64.ActiveCfg = Debug|Any CPU
		{334A8E5A-AE90-4A5F-B569-B48CFCC2DFCA}.Debug|x64.Build.0 = Debug|Any CPU
		{334A8E5A-AE90-4A5F-B569-B48CFCC2DFCA}.Debug|x86.ActiveCfg = Debug|Any CPU
		{334A8E5A-AE90-4A5F-B569-B48CFCC2DFCA}.Debug|x86.Build.0 = Debug|Any CPU
		{334A8E5A-AE90-4A5F-B569-B48CFCC2DFCA}.Release|Any CPU.ActiveCfg = Release|Any CPU
		{334A8E5A-AE90-4A5F-B569-B48CFCC2DFCA}.Release|Any CPU.Build.0 = Release|Any CPU
		{334A8E5A-AE90-4A5F-B569-B48CFCC2DFCA}.Release|x64.ActiveCfg = Release|Any CPU
		{334A8E5A-AE90-4A5F-B569-B48CFCC2DFCA}.Release|x64.Build.0 = Release|Any CPU
		{334A8E5A-AE90-4A5F-B569-B48CFCC2DFCA}.Release|x86.ActiveCfg = Release|Any CPU
		{334A8E5A-AE90-4A5F-B569-B48CFCC2DFCA}.Release|x86.Build.0 = Release|Any CPU
		{2A935527-28BB-4A1D-A4B6-CF0F82E7D0C5}.Debug|Any CPU.ActiveCfg = Debug|Any CPU
		{2A935527-28BB-4A1D-A4B6-CF0F82E7D0C5}.Debug|Any CPU.Build.0 = Debug|Any CPU
		{2A935527-28BB-4A1D-A4B6-CF0F82E7D0C5}.Debug|x64.ActiveCfg = Debug|Any CPU
		{2A935527-28BB-4A1D-A4B6-CF0F82E7D0C5}.Debug|x64.Build.0 = Debug|Any CPU
		{2A935527-28BB-4A1D-A4B6-CF0F82E7D0C5}.Debug|x86.ActiveCfg = Debug|Any CPU
		{2A935527-28BB-4A1D-A4B6-CF0F82E7D0C5}.Debug|x86.Build.0 = Debug|Any CPU
		{2A935527-28BB-4A1D-A4B6-CF0F82E7D0C5}.Release|Any CPU.ActiveCfg = Release|Any CPU
		{2A935527-28BB-4A1D-A4B6-CF0F82E7D0C5}.Release|Any CPU.Build.0 = Release|Any CPU
		{2A935527-28BB-4A1D-A4B6-CF0F82E7D0C5}.Release|x64.ActiveCfg = Release|Any CPU
		{2A935527-28BB-4A1D-A4B6-CF0F82E7D0C5}.Release|x64.Build.0 = Release|Any CPU
		{2A935527-28BB-4A1D-A4B6-CF0F82E7D0C5}.Release|x86.ActiveCfg = Release|Any CPU
		{2A935527-28BB-4A1D-A4B6-CF0F82E7D0C5}.Release|x86.Build.0 = Release|Any CPU
		{3A5E2620-11B6-4DE2-B52D-4EC6888728E6}.Debug|Any CPU.ActiveCfg = Debug|Any CPU
		{3A5E2620-11B6-4DE2-B52D-4EC6888728E6}.Debug|Any CPU.Build.0 = Debug|Any CPU
		{3A5E2620-11B6-4DE2-B52D-4EC6888728E6}.Debug|x64.ActiveCfg = Debug|Any CPU
		{3A5E2620-11B6-4DE2-B52D-4EC6888728E6}.Debug|x64.Build.0 = Debug|Any CPU
		{3A5E2620-11B6-4DE2-B52D-4EC6888728E6}.Debug|x86.ActiveCfg = Debug|Any CPU
		{3A5E2620-11B6-4DE2-B52D-4EC6888728E6}.Debug|x86.Build.0 = Debug|Any CPU
		{3A5E2620-11B6-4DE2-B52D-4EC6888728E6}.Release|Any CPU.ActiveCfg = Release|Any CPU
		{3A5E2620-11B6-4DE2-B52D-4EC6888728E6}.Release|Any CPU.Build.0 = Release|Any CPU
		{3A5E2620-11B6-4DE2-B52D-4EC6888728E6}.Release|x64.ActiveCfg = Release|Any CPU
		{3A5E2620-11B6-4DE2-B52D-4EC6888728E6}.Release|x64.Build.0 = Release|Any CPU
		{3A5E2620-11B6-4DE2-B52D-4EC6888728E6}.Release|x86.ActiveCfg = Release|Any CPU
		{3A5E2620-11B6-4DE2-B52D-4EC6888728E6}.Release|x86.Build.0 = Release|Any CPU
		{E1407EC7-25B0-403A-9F6B-49D39540DDB9}.Debug|Any CPU.ActiveCfg = Debug|Any CPU
		{E1407EC7-25B0-403A-9F6B-49D39540DDB9}.Debug|Any CPU.Build.0 = Debug|Any CPU
		{E1407EC7-25B0-403A-9F6B-49D39540DDB9}.Debug|x64.ActiveCfg = Debug|Any CPU
		{E1407EC7-25B0-403A-9F6B-49D39540DDB9}.Debug|x64.Build.0 = Debug|Any CPU
		{E1407EC7-25B0-403A-9F6B-49D39540DDB9}.Debug|x86.ActiveCfg = Debug|Any CPU
		{E1407EC7-25B0-403A-9F6B-49D39540DDB9}.Debug|x86.Build.0 = Debug|Any CPU
		{E1407EC7-25B0-403A-9F6B-49D39540DDB9}.Release|Any CPU.ActiveCfg = Release|Any CPU
		{E1407EC7-25B0-403A-9F6B-49D39540DDB9}.Release|Any CPU.Build.0 = Release|Any CPU
		{E1407EC7-25B0-403A-9F6B-49D39540DDB9}.Release|x64.ActiveCfg = Release|Any CPU
		{E1407EC7-25B0-403A-9F6B-49D39540DDB9}.Release|x64.Build.0 = Release|Any CPU
		{E1407EC7-25B0-403A-9F6B-49D39540DDB9}.Release|x86.ActiveCfg = Release|Any CPU
		{E1407EC7-25B0-403A-9F6B-49D39540DDB9}.Release|x86.Build.0 = Release|Any CPU
		{C80D1245-0762-448C-979A-6E3B3661DCC4}.Debug|Any CPU.ActiveCfg = Debug|Any CPU
		{C80D1245-0762-448C-979A-6E3B3661DCC4}.Debug|Any CPU.Build.0 = Debug|Any CPU
		{C80D1245-0762-448C-979A-6E3B3661DCC4}.Debug|x64.ActiveCfg = Debug|Any CPU
		{C80D1245-0762-448C-979A-6E3B3661DCC4}.Debug|x64.Build.0 = Debug|Any CPU
		{C80D1245-0762-448C-979A-6E3B3661DCC4}.Debug|x86.ActiveCfg = Debug|Any CPU
		{C80D1245-0762-448C-979A-6E3B3661DCC4}.Debug|x86.Build.0 = Debug|Any CPU
		{C80D1245-0762-448C-979A-6E3B3661DCC4}.Release|Any CPU.ActiveCfg = Release|Any CPU
		{C80D1245-0762-448C-979A-6E3B3661DCC4}.Release|Any CPU.Build.0 = Release|Any CPU
		{C80D1245-0762-448C-979A-6E3B3661DCC4}.Release|x64.ActiveCfg = Release|Any CPU
		{C80D1245-0762-448C-979A-6E3B3661DCC4}.Release|x64.Build.0 = Release|Any CPU
		{C80D1245-0762-448C-979A-6E3B3661DCC4}.Release|x86.ActiveCfg = Release|Any CPU
		{C80D1245-0762-448C-979A-6E3B3661DCC4}.Release|x86.Build.0 = Release|Any CPU
		{615A4459-0FDB-4233-8116-DDE3DFA5AF2B}.Debug|Any CPU.ActiveCfg = Debug|Any CPU
		{615A4459-0FDB-4233-8116-DDE3DFA5AF2B}.Debug|Any CPU.Build.0 = Debug|Any CPU
		{615A4459-0FDB-4233-8116-DDE3DFA5AF2B}.Debug|x64.ActiveCfg = Debug|Any CPU
		{615A4459-0FDB-4233-8116-DDE3DFA5AF2B}.Debug|x64.Build.0 = Debug|Any CPU
		{615A4459-0FDB-4233-8116-DDE3DFA5AF2B}.Debug|x86.ActiveCfg = Debug|Any CPU
		{615A4459-0FDB-4233-8116-DDE3DFA5AF2B}.Debug|x86.Build.0 = Debug|Any CPU
		{615A4459-0FDB-4233-8116-DDE3DFA5AF2B}.Release|Any CPU.ActiveCfg = Release|Any CPU
		{615A4459-0FDB-4233-8116-DDE3DFA5AF2B}.Release|Any CPU.Build.0 = Release|Any CPU
		{615A4459-0FDB-4233-8116-DDE3DFA5AF2B}.Release|x64.ActiveCfg = Release|Any CPU
		{615A4459-0FDB-4233-8116-DDE3DFA5AF2B}.Release|x64.Build.0 = Release|Any CPU
		{615A4459-0FDB-4233-8116-DDE3DFA5AF2B}.Release|x86.ActiveCfg = Release|Any CPU
		{615A4459-0FDB-4233-8116-DDE3DFA5AF2B}.Release|x86.Build.0 = Release|Any CPU
		{4A99FAAC-A9C0-4D50-87F2-745F816635C8}.Debug|Any CPU.ActiveCfg = Debug|Any CPU
		{4A99FAAC-A9C0-4D50-87F2-745F816635C8}.Debug|Any CPU.Build.0 = Debug|Any CPU
		{4A99FAAC-A9C0-4D50-87F2-745F816635C8}.Debug|x64.ActiveCfg = Debug|Any CPU
		{4A99FAAC-A9C0-4D50-87F2-745F816635C8}.Debug|x64.Build.0 = Debug|Any CPU
		{4A99FAAC-A9C0-4D50-87F2-745F816635C8}.Debug|x86.ActiveCfg = Debug|Any CPU
		{4A99FAAC-A9C0-4D50-87F2-745F816635C8}.Debug|x86.Build.0 = Debug|Any CPU
		{4A99FAAC-A9C0-4D50-87F2-745F816635C8}.Release|Any CPU.ActiveCfg = Release|Any CPU
		{4A99FAAC-A9C0-4D50-87F2-745F816635C8}.Release|Any CPU.Build.0 = Release|Any CPU
		{4A99FAAC-A9C0-4D50-87F2-745F816635C8}.Release|x64.ActiveCfg = Release|Any CPU
		{4A99FAAC-A9C0-4D50-87F2-745F816635C8}.Release|x64.Build.0 = Release|Any CPU
		{4A99FAAC-A9C0-4D50-87F2-745F816635C8}.Release|x86.ActiveCfg = Release|Any CPU
		{4A99FAAC-A9C0-4D50-87F2-745F816635C8}.Release|x86.Build.0 = Release|Any CPU
		{AB7AE09F-D931-4E8E-A49A-978203CE8A0B}.Debug|Any CPU.ActiveCfg = Debug|Any CPU
		{AB7AE09F-D931-4E8E-A49A-978203CE8A0B}.Debug|Any CPU.Build.0 = Debug|Any CPU
		{AB7AE09F-D931-4E8E-A49A-978203CE8A0B}.Debug|x64.ActiveCfg = Debug|Any CPU
		{AB7AE09F-D931-4E8E-A49A-978203CE8A0B}.Debug|x64.Build.0 = Debug|Any CPU
		{AB7AE09F-D931-4E8E-A49A-978203CE8A0B}.Debug|x86.ActiveCfg = Debug|Any CPU
		{AB7AE09F-D931-4E8E-A49A-978203CE8A0B}.Debug|x86.Build.0 = Debug|Any CPU
		{AB7AE09F-D931-4E8E-A49A-978203CE8A0B}.Release|Any CPU.ActiveCfg = Release|Any CPU
		{AB7AE09F-D931-4E8E-A49A-978203CE8A0B}.Release|Any CPU.Build.0 = Release|Any CPU
		{AB7AE09F-D931-4E8E-A49A-978203CE8A0B}.Release|x64.ActiveCfg = Release|Any CPU
		{AB7AE09F-D931-4E8E-A49A-978203CE8A0B}.Release|x64.Build.0 = Release|Any CPU
		{AB7AE09F-D931-4E8E-A49A-978203CE8A0B}.Release|x86.ActiveCfg = Release|Any CPU
		{AB7AE09F-D931-4E8E-A49A-978203CE8A0B}.Release|x86.Build.0 = Release|Any CPU
		{3E734B5A-96DE-4891-9F42-F0D40A7BCF90}.Debug|Any CPU.ActiveCfg = Debug|Any CPU
		{3E734B5A-96DE-4891-9F42-F0D40A7BCF90}.Debug|Any CPU.Build.0 = Debug|Any CPU
		{3E734B5A-96DE-4891-9F42-F0D40A7BCF90}.Debug|x64.ActiveCfg = Debug|Any CPU
		{3E734B5A-96DE-4891-9F42-F0D40A7BCF90}.Debug|x64.Build.0 = Debug|Any CPU
		{3E734B5A-96DE-4891-9F42-F0D40A7BCF90}.Debug|x86.ActiveCfg = Debug|Any CPU
		{3E734B5A-96DE-4891-9F42-F0D40A7BCF90}.Debug|x86.Build.0 = Debug|Any CPU
		{3E734B5A-96DE-4891-9F42-F0D40A7BCF90}.Release|Any CPU.ActiveCfg = Release|Any CPU
		{3E734B5A-96DE-4891-9F42-F0D40A7BCF90}.Release|Any CPU.Build.0 = Release|Any CPU
		{3E734B5A-96DE-4891-9F42-F0D40A7BCF90}.Release|x64.ActiveCfg = Release|Any CPU
		{3E734B5A-96DE-4891-9F42-F0D40A7BCF90}.Release|x64.Build.0 = Release|Any CPU
		{3E734B5A-96DE-4891-9F42-F0D40A7BCF90}.Release|x86.ActiveCfg = Release|Any CPU
		{3E734B5A-96DE-4891-9F42-F0D40A7BCF90}.Release|x86.Build.0 = Release|Any CPU
		{D18FBE36-789B-48E4-9E4C-E695B7C21946}.Debug|Any CPU.ActiveCfg = Debug|Any CPU
		{D18FBE36-789B-48E4-9E4C-E695B7C21946}.Debug|Any CPU.Build.0 = Debug|Any CPU
		{D18FBE36-789B-48E4-9E4C-E695B7C21946}.Debug|x64.ActiveCfg = Debug|Any CPU
		{D18FBE36-789B-48E4-9E4C-E695B7C21946}.Debug|x64.Build.0 = Debug|Any CPU
		{D18FBE36-789B-48E4-9E4C-E695B7C21946}.Debug|x86.ActiveCfg = Debug|Any CPU
		{D18FBE36-789B-48E4-9E4C-E695B7C21946}.Debug|x86.Build.0 = Debug|Any CPU
		{D18FBE36-789B-48E4-9E4C-E695B7C21946}.Release|Any CPU.ActiveCfg = Release|Any CPU
		{D18FBE36-789B-48E4-9E4C-E695B7C21946}.Release|Any CPU.Build.0 = Release|Any CPU
		{D18FBE36-789B-48E4-9E4C-E695B7C21946}.Release|x64.ActiveCfg = Release|Any CPU
		{D18FBE36-789B-48E4-9E4C-E695B7C21946}.Release|x64.Build.0 = Release|Any CPU
		{D18FBE36-789B-48E4-9E4C-E695B7C21946}.Release|x86.ActiveCfg = Release|Any CPU
		{D18FBE36-789B-48E4-9E4C-E695B7C21946}.Release|x86.Build.0 = Release|Any CPU
		{5A9909A5-2FDB-4FAA-9BAE-45B9334BAD59}.Debug|Any CPU.ActiveCfg = Debug|Any CPU
		{5A9909A5-2FDB-4FAA-9BAE-45B9334BAD59}.Debug|Any CPU.Build.0 = Debug|Any CPU
		{5A9909A5-2FDB-4FAA-9BAE-45B9334BAD59}.Debug|x64.ActiveCfg = Debug|Any CPU
		{5A9909A5-2FDB-4FAA-9BAE-45B9334BAD59}.Debug|x64.Build.0 = Debug|Any CPU
		{5A9909A5-2FDB-4FAA-9BAE-45B9334BAD59}.Debug|x86.ActiveCfg = Debug|Any CPU
		{5A9909A5-2FDB-4FAA-9BAE-45B9334BAD59}.Debug|x86.Build.0 = Debug|Any CPU
		{5A9909A5-2FDB-4FAA-9BAE-45B9334BAD59}.Release|Any CPU.ActiveCfg = Release|Any CPU
		{5A9909A5-2FDB-4FAA-9BAE-45B9334BAD59}.Release|Any CPU.Build.0 = Release|Any CPU
		{5A9909A5-2FDB-4FAA-9BAE-45B9334BAD59}.Release|x64.ActiveCfg = Release|Any CPU
		{5A9909A5-2FDB-4FAA-9BAE-45B9334BAD59}.Release|x64.Build.0 = Release|Any CPU
		{5A9909A5-2FDB-4FAA-9BAE-45B9334BAD59}.Release|x86.ActiveCfg = Release|Any CPU
		{5A9909A5-2FDB-4FAA-9BAE-45B9334BAD59}.Release|x86.Build.0 = Release|Any CPU
		{7021B9A6-B5F7-4CE8-AA8E-A9D0E02F90AF}.Debug|Any CPU.ActiveCfg = Debug|Any CPU
		{7021B9A6-B5F7-4CE8-AA8E-A9D0E02F90AF}.Debug|Any CPU.Build.0 = Debug|Any CPU
		{7021B9A6-B5F7-4CE8-AA8E-A9D0E02F90AF}.Debug|x64.ActiveCfg = Debug|Any CPU
		{7021B9A6-B5F7-4CE8-AA8E-A9D0E02F90AF}.Debug|x64.Build.0 = Debug|Any CPU
		{7021B9A6-B5F7-4CE8-AA8E-A9D0E02F90AF}.Debug|x86.ActiveCfg = Debug|Any CPU
		{7021B9A6-B5F7-4CE8-AA8E-A9D0E02F90AF}.Debug|x86.Build.0 = Debug|Any CPU
		{7021B9A6-B5F7-4CE8-AA8E-A9D0E02F90AF}.Release|Any CPU.ActiveCfg = Release|Any CPU
		{7021B9A6-B5F7-4CE8-AA8E-A9D0E02F90AF}.Release|Any CPU.Build.0 = Release|Any CPU
		{7021B9A6-B5F7-4CE8-AA8E-A9D0E02F90AF}.Release|x64.ActiveCfg = Release|Any CPU
		{7021B9A6-B5F7-4CE8-AA8E-A9D0E02F90AF}.Release|x64.Build.0 = Release|Any CPU
		{7021B9A6-B5F7-4CE8-AA8E-A9D0E02F90AF}.Release|x86.ActiveCfg = Release|Any CPU
		{7021B9A6-B5F7-4CE8-AA8E-A9D0E02F90AF}.Release|x86.Build.0 = Release|Any CPU
		{1D6A8099-642A-4DAF-9103-A8324AE31930}.Debug|Any CPU.ActiveCfg = Debug|Any CPU
		{1D6A8099-642A-4DAF-9103-A8324AE31930}.Debug|Any CPU.Build.0 = Debug|Any CPU
		{1D6A8099-642A-4DAF-9103-A8324AE31930}.Debug|x64.ActiveCfg = Debug|Any CPU
		{1D6A8099-642A-4DAF-9103-A8324AE31930}.Debug|x64.Build.0 = Debug|Any CPU
		{1D6A8099-642A-4DAF-9103-A8324AE31930}.Debug|x86.ActiveCfg = Debug|Any CPU
		{1D6A8099-642A-4DAF-9103-A8324AE31930}.Debug|x86.Build.0 = Debug|Any CPU
		{1D6A8099-642A-4DAF-9103-A8324AE31930}.Release|Any CPU.ActiveCfg = Release|Any CPU
		{1D6A8099-642A-4DAF-9103-A8324AE31930}.Release|Any CPU.Build.0 = Release|Any CPU
		{1D6A8099-642A-4DAF-9103-A8324AE31930}.Release|x64.ActiveCfg = Release|Any CPU
		{1D6A8099-642A-4DAF-9103-A8324AE31930}.Release|x64.Build.0 = Release|Any CPU
		{1D6A8099-642A-4DAF-9103-A8324AE31930}.Release|x86.ActiveCfg = Release|Any CPU
		{1D6A8099-642A-4DAF-9103-A8324AE31930}.Release|x86.Build.0 = Release|Any CPU
		{93FC0DC5-E88C-4413-A98D-67F5CDD35C33}.Debug|Any CPU.ActiveCfg = Debug|Any CPU
		{93FC0DC5-E88C-4413-A98D-67F5CDD35C33}.Debug|Any CPU.Build.0 = Debug|Any CPU
		{93FC0DC5-E88C-4413-A98D-67F5CDD35C33}.Debug|x64.ActiveCfg = Debug|Any CPU
		{93FC0DC5-E88C-4413-A98D-67F5CDD35C33}.Debug|x64.Build.0 = Debug|Any CPU
		{93FC0DC5-E88C-4413-A98D-67F5CDD35C33}.Debug|x86.ActiveCfg = Debug|Any CPU
		{93FC0DC5-E88C-4413-A98D-67F5CDD35C33}.Debug|x86.Build.0 = Debug|Any CPU
		{93FC0DC5-E88C-4413-A98D-67F5CDD35C33}.Release|Any CPU.ActiveCfg = Release|Any CPU
		{93FC0DC5-E88C-4413-A98D-67F5CDD35C33}.Release|Any CPU.Build.0 = Release|Any CPU
		{93FC0DC5-E88C-4413-A98D-67F5CDD35C33}.Release|x64.ActiveCfg = Release|Any CPU
		{93FC0DC5-E88C-4413-A98D-67F5CDD35C33}.Release|x64.Build.0 = Release|Any CPU
		{93FC0DC5-E88C-4413-A98D-67F5CDD35C33}.Release|x86.ActiveCfg = Release|Any CPU
		{93FC0DC5-E88C-4413-A98D-67F5CDD35C33}.Release|x86.Build.0 = Release|Any CPU
		{08F6A76C-CF62-4113-8740-CF5EF8115F99}.Debug|Any CPU.ActiveCfg = Debug|Any CPU
		{08F6A76C-CF62-4113-8740-CF5EF8115F99}.Debug|Any CPU.Build.0 = Debug|Any CPU
		{08F6A76C-CF62-4113-8740-CF5EF8115F99}.Debug|x64.ActiveCfg = Debug|Any CPU
		{08F6A76C-CF62-4113-8740-CF5EF8115F99}.Debug|x64.Build.0 = Debug|Any CPU
		{08F6A76C-CF62-4113-8740-CF5EF8115F99}.Debug|x86.ActiveCfg = Debug|Any CPU
		{08F6A76C-CF62-4113-8740-CF5EF8115F99}.Debug|x86.Build.0 = Debug|Any CPU
		{08F6A76C-CF62-4113-8740-CF5EF8115F99}.Release|Any CPU.ActiveCfg = Release|Any CPU
		{08F6A76C-CF62-4113-8740-CF5EF8115F99}.Release|Any CPU.Build.0 = Release|Any CPU
		{08F6A76C-CF62-4113-8740-CF5EF8115F99}.Release|x64.ActiveCfg = Release|Any CPU
		{08F6A76C-CF62-4113-8740-CF5EF8115F99}.Release|x64.Build.0 = Release|Any CPU
		{08F6A76C-CF62-4113-8740-CF5EF8115F99}.Release|x86.ActiveCfg = Release|Any CPU
		{08F6A76C-CF62-4113-8740-CF5EF8115F99}.Release|x86.Build.0 = Release|Any CPU
		{31A02263-5D48-4EEC-B5ED-28876DEC2CB5}.Debug|Any CPU.ActiveCfg = Debug|Any CPU
		{31A02263-5D48-4EEC-B5ED-28876DEC2CB5}.Debug|Any CPU.Build.0 = Debug|Any CPU
		{31A02263-5D48-4EEC-B5ED-28876DEC2CB5}.Debug|x64.ActiveCfg = Debug|Any CPU
		{31A02263-5D48-4EEC-B5ED-28876DEC2CB5}.Debug|x64.Build.0 = Debug|Any CPU
		{31A02263-5D48-4EEC-B5ED-28876DEC2CB5}.Debug|x86.ActiveCfg = Debug|Any CPU
		{31A02263-5D48-4EEC-B5ED-28876DEC2CB5}.Debug|x86.Build.0 = Debug|Any CPU
		{31A02263-5D48-4EEC-B5ED-28876DEC2CB5}.Release|Any CPU.ActiveCfg = Release|Any CPU
		{31A02263-5D48-4EEC-B5ED-28876DEC2CB5}.Release|Any CPU.Build.0 = Release|Any CPU
		{31A02263-5D48-4EEC-B5ED-28876DEC2CB5}.Release|x64.ActiveCfg = Release|Any CPU
		{31A02263-5D48-4EEC-B5ED-28876DEC2CB5}.Release|x64.Build.0 = Release|Any CPU
		{31A02263-5D48-4EEC-B5ED-28876DEC2CB5}.Release|x86.ActiveCfg = Release|Any CPU
		{31A02263-5D48-4EEC-B5ED-28876DEC2CB5}.Release|x86.Build.0 = Release|Any CPU
		{243BAC56-0FB0-43BC-91DB-DC341F0D64FA}.Debug|Any CPU.ActiveCfg = Debug|Any CPU
		{243BAC56-0FB0-43BC-91DB-DC341F0D64FA}.Debug|Any CPU.Build.0 = Debug|Any CPU
		{243BAC56-0FB0-43BC-91DB-DC341F0D64FA}.Debug|x64.ActiveCfg = Debug|Any CPU
		{243BAC56-0FB0-43BC-91DB-DC341F0D64FA}.Debug|x64.Build.0 = Debug|Any CPU
		{243BAC56-0FB0-43BC-91DB-DC341F0D64FA}.Debug|x86.ActiveCfg = Debug|Any CPU
		{243BAC56-0FB0-43BC-91DB-DC341F0D64FA}.Debug|x86.Build.0 = Debug|Any CPU
		{243BAC56-0FB0-43BC-91DB-DC341F0D64FA}.Release|Any CPU.ActiveCfg = Release|Any CPU
		{243BAC56-0FB0-43BC-91DB-DC341F0D64FA}.Release|Any CPU.Build.0 = Release|Any CPU
		{243BAC56-0FB0-43BC-91DB-DC341F0D64FA}.Release|x64.ActiveCfg = Release|Any CPU
		{243BAC56-0FB0-43BC-91DB-DC341F0D64FA}.Release|x64.Build.0 = Release|Any CPU
		{243BAC56-0FB0-43BC-91DB-DC341F0D64FA}.Release|x86.ActiveCfg = Release|Any CPU
		{243BAC56-0FB0-43BC-91DB-DC341F0D64FA}.Release|x86.Build.0 = Release|Any CPU
		{2B0ADECD-24E8-4CAF-99C6-FE74E4159E1F}.Debug|Any CPU.ActiveCfg = Debug|Any CPU
		{2B0ADECD-24E8-4CAF-99C6-FE74E4159E1F}.Debug|Any CPU.Build.0 = Debug|Any CPU
		{2B0ADECD-24E8-4CAF-99C6-FE74E4159E1F}.Debug|x64.ActiveCfg = Debug|Any CPU
		{2B0ADECD-24E8-4CAF-99C6-FE74E4159E1F}.Debug|x64.Build.0 = Debug|Any CPU
		{2B0ADECD-24E8-4CAF-99C6-FE74E4159E1F}.Debug|x86.ActiveCfg = Debug|Any CPU
		{2B0ADECD-24E8-4CAF-99C6-FE74E4159E1F}.Debug|x86.Build.0 = Debug|Any CPU
		{2B0ADECD-24E8-4CAF-99C6-FE74E4159E1F}.Release|Any CPU.ActiveCfg = Release|Any CPU
		{2B0ADECD-24E8-4CAF-99C6-FE74E4159E1F}.Release|Any CPU.Build.0 = Release|Any CPU
		{2B0ADECD-24E8-4CAF-99C6-FE74E4159E1F}.Release|x64.ActiveCfg = Release|Any CPU
		{2B0ADECD-24E8-4CAF-99C6-FE74E4159E1F}.Release|x64.Build.0 = Release|Any CPU
		{2B0ADECD-24E8-4CAF-99C6-FE74E4159E1F}.Release|x86.ActiveCfg = Release|Any CPU
		{2B0ADECD-24E8-4CAF-99C6-FE74E4159E1F}.Release|x86.Build.0 = Release|Any CPU
	EndGlobalSection
	GlobalSection(SolutionProperties) = preSolution
		HideSolutionNode = FALSE
	EndGlobalSection
	GlobalSection(NestedProjects) = preSolution
		{615A4459-0FDB-4233-8116-DDE3DFA5AF2B} = {28A4673F-9138-6225-6D15-8B1CCBEDA19D}
		{D18FBE36-789B-48E4-9E4C-E695B7C21946} = {28A4673F-9138-6225-6D15-8B1CCBEDA19D}
		{5A9909A5-2FDB-4FAA-9BAE-45B9334BAD59} = {28A4673F-9138-6225-6D15-8B1CCBEDA19D}
		{7021B9A6-B5F7-4CE8-AA8E-A9D0E02F90AF} = {5D20AA90-6969-D8BD-9DCD-8634F4692FDA}
		{1D6A8099-642A-4DAF-9103-A8324AE31930} = {28A4673F-9138-6225-6D15-8B1CCBEDA19D}
		{08F6A76C-CF62-4113-8740-CF5EF8115F99} = {28A4673F-9138-6225-6D15-8B1CCBEDA19D}
		{243BAC56-0FB0-43BC-91DB-DC341F0D64FA} = {28A4673F-9138-6225-6D15-8B1CCBEDA19D}
	EndGlobalSection
EndGlobal
