
Microsoft Visual Studio Solution File, Format Version 12.00
# Visual Studio Version 17
VisualStudioVersion = 17.0.31903.59
MinimumVisualStudioVersion = 10.0.40219.1
Project("{FAE04EC0-301F-11D3-BF4B-00C04F79EFBC}") = "Coven.Core", "Coven.Core\Coven.Core.csproj", "{4991F737-CF83-4612-9FD9-44E8FEC9F29C}"
EndProject
Project("{FAE04EC0-301F-11D3-BF4B-00C04F79EFBC}") = "Coven.Core.Tests", "Coven.Core.Tests\Coven.Core.Tests.csproj", "{9F0BE0E2-8E44-4BFB-91E8-9E258C7E3C1E}"
EndProject
Project("{FAE04EC0-301F-11D3-BF4B-00C04F79EFBC}") = "Coven.Analyzers", "Coven.Analyzers\Coven.Analyzers.csproj", "{F3B6A1E0-5E9C-4EF4-9B8D-61EAE1BF7B11}"
EndProject
Project("{FAE04EC0-301F-11D3-BF4B-00C04F79EFBC}") = "Coven.Analyzers.Tests", "Coven.Analyzers.Tests\Coven.Analyzers.Tests.csproj", "{B9DA2F30-9E87-4FC2-8B7D-1C6C2C6735A3}"
EndProject
Project("{FAE04EC0-301F-11D3-BF4B-00C04F79EFBC}") = "Coven.Analyzers.CodeFixes", "Coven.Analyzers.CodeFixes\Coven.Analyzers.CodeFixes.csproj", "{3CABF452-867F-46EE-990D-ADF1F8DEAA24}"
EndProject
Project("{FAE04EC0-301F-11D3-BF4B-00C04F79EFBC}") = "Coven.Spellcasting", "Coven.Spellcasting\Coven.Spellcasting.csproj", "{F7E4B0C1-2D2B-4E8C-9E44-9A6F0CE9D2C1}"
EndProject
Project("{FAE04EC0-301F-11D3-BF4B-00C04F79EFBC}") = "Coven.Spellcasting.Tests", "Coven.Spellcasting.Tests\Coven.Spellcasting.Tests.csproj", "{2A51B89D-6EC7-4F4E-9E25-1D0669E4E5E0}"
EndProject
Project("{FAE04EC0-301F-11D3-BF4B-00C04F79EFBC}") = "Coven.Spellcasting.Agents", "Coven.Spellcasting.Agents\Coven.Spellcasting.Agents.csproj", "{A8C9D25E-2E0E-4F17-94F9-7D7E8F2A9C30}"
EndProject
Project("{FAE04EC0-301F-11D3-BF4B-00C04F79EFBC}") = "Coven.Spellcasting.Agents.Tests", "Coven.Spellcasting.Agents.Tests\Coven.Spellcasting.Agents.Tests.csproj", "{4B7E6B3D-5E3A-4E93-8B65-5C9E14B9C2A1}"
EndProject
Project("{FAE04EC0-301F-11D3-BF4B-00C04F79EFBC}") = "Coven.Spellcasting.Agents.Codex", "Coven.Spellcasting.Agents.Codex\Coven.Spellcasting.Agents.Codex.csproj", "{E5A33E8C-3C50-4C84-A5BC-3B36EFBB2E0A}"
EndProject
Project("{FAE04EC0-301F-11D3-BF4B-00C04F79EFBC}") = "Coven.Chat", "Coven.Chat\Coven.Chat.csproj", "{334A8E5A-AE90-4A5F-B569-B48CFCC2DFCA}"
EndProject
Project("{FAE04EC0-301F-11D3-BF4B-00C04F79EFBC}") = "Coven.Spellcasting.Agents.Validation", "Coven.Spellcasting.Agents.Validation\Coven.Spellcasting.Agents.Validation.csproj", "{1D12D25A-F194-4F42-BE3A-DF219A9BEB6C}"
EndProject
Project("{2150E333-8FDC-42A3-9474-1A3956D46DE8}") = "Samples", "Samples", "{5D20AA90-6969-D8BD-9DCD-8634F4692FDA}"
EndProject
Project("{FAE04EC0-301F-11D3-BF4B-00C04F79EFBC}") = "Coven.Sophia", "Coven.Sophia\Coven.Sophia.csproj", "{3FC87491-612F-4CE2-86C1-928CB00B5CCC}"
EndProject
Project("{FAE04EC0-301F-11D3-BF4B-00C04F79EFBC}") = "Coven.Durables", "Coven.Durables\Coven.Durables.csproj", "{0EC92EBD-CC50-450A-B052-9A31E3F7B97E}"
EndProject
Project("{FAE04EC0-301F-11D3-BF4B-00C04F79EFBC}") = "Coven.Durables.Tests", "Coven.Durables.Tests\Coven.Durables.Tests.csproj", "{068833B6-F327-43E9-9EBC-41287DFB56BE}"
EndProject
Project("{FAE04EC0-301F-11D3-BF4B-00C04F79EFBC}") = "Coven.Sophia.Tests", "Coven.Sophia.Tests\Coven.Sophia.Tests.csproj", "{766EEAB4-0147-417D-90C3-B72315E21C78}"
EndProject
Project("{FAE04EC0-301F-11D3-BF4B-00C04F79EFBC}") = "01.LocalCodexCLI", "..\samples\01.LocalCodexCLI\01.LocalCodexCLI.csproj", "{6399E061-9775-4B0F-B0D9-13DE2C24A1C5}"
EndProject
Project("{FAE04EC0-301F-11D3-BF4B-00C04F79EFBC}") = "01.LocalCodexCLI.Tests", "..\samples\01.LocalCodexCLI.Tests\01.LocalCodexCLI.Tests.csproj", "{277696AD-6C7D-4881-8AA9-77AE0C6CF541}"
EndProject
Project("{FAE04EC0-301F-11D3-BF4B-00C04F79EFBC}") = "Coven.Spellcasting.Grimoire", "Coven.Spellcasting.Grimoire\Coven.Spellcasting.Grimoire.csproj", "{2D1F4EE1-FDDF-48F1-AE1D-99B99E002BB5}"
EndProject
Project("{FAE04EC0-301F-11D3-BF4B-00C04F79EFBC}") = "Coven.Chat.Tests", "Coven.Chat.Tests\Coven.Chat.Tests.csproj", "{2FF76318-6B37-4651-B1CA-074222AB9065}"
EndProject
Project("{FAE04EC0-301F-11D3-BF4B-00C04F79EFBC}") = "Coven.Spellcasting.Agents.Codex.Tests", "Coven.Spellcasting.Agents.Codex.Tests\Coven.Spellcasting.Agents.Codex.Tests.csproj", "{2E964D5D-2EFF-4E81-B694-F98AA608214F}"
EndProject
Project("{2150E333-8FDC-42A3-9474-1A3956D46DE8}") = "Toys", "Toys", "{28A4673F-9138-6225-6D15-8B1CCBEDA19D}"
EndProject
Project("{FAE04EC0-301F-11D3-BF4B-00C04F79EFBC}") = "Coven.Toys.ConsoleEcho", "..\Toys\Coven.Toys.ConsoleEcho\Coven.Toys.ConsoleEcho.csproj", "{8F6928CE-5D5E-456F-A902-6F5896D1E020}"
EndProject
Project("{FAE04EC0-301F-11D3-BF4B-00C04F79EFBC}") = "Coven.Spellcasting.Agents.Codex.McpShim", "Coven.Spellcasting.Agents.Codex.McpShim\Coven.Spellcasting.Agents.Codex.McpShim.csproj", "{7FA92DE8-11B2-4AE8-8466-0B3F960CE8E3}"
EndProject
Project("{FAE04EC0-301F-11D3-BF4B-00C04F79EFBC}") = "Coven.Toys.ConsoleAgentChat", "..\Toys\Coven.Toys.ConsoleAgentChat\Coven.Toys.ConsoleAgentChat.csproj", "{602C8C1E-1980-46D6-854D-53496E6F895E}"
EndProject
Project("{FAE04EC0-301F-11D3-BF4B-00C04F79EFBC}") = "Coven.Toys.CodexConsole", "..\Toys\Coven.Toys.CodexConsole\Coven.Toys.CodexConsole.csproj", "{BAADCD4B-C327-4810-A4E3-551A234752CC}"
EndProject
Project("{FAE04EC0-301F-11D3-BF4B-00C04F79EFBC}") = "Coven.Toys.MockProcess", "..\Toys\Coven.Toys.MockProcess\Coven.Toys.MockProcess.csproj", "{AB18171D-C98D-42DA-B2CB-4AC332520DAD}"
EndProject
Global
	GlobalSection(SolutionConfigurationPlatforms) = preSolution
		Debug|Any CPU = Debug|Any CPU
		Debug|x64 = Debug|x64
		Debug|x86 = Debug|x86
		Release|Any CPU = Release|Any CPU
		Release|x64 = Release|x64
		Release|x86 = Release|x86
	EndGlobalSection
	GlobalSection(ProjectConfigurationPlatforms) = postSolution
		{4991F737-CF83-4612-9FD9-44E8FEC9F29C}.Debug|Any CPU.ActiveCfg = Debug|Any CPU
		{4991F737-CF83-4612-9FD9-44E8FEC9F29C}.Debug|Any CPU.Build.0 = Debug|Any CPU
		{4991F737-CF83-4612-9FD9-44E8FEC9F29C}.Debug|x64.ActiveCfg = Debug|Any CPU
		{4991F737-CF83-4612-9FD9-44E8FEC9F29C}.Debug|x64.Build.0 = Debug|Any CPU
		{4991F737-CF83-4612-9FD9-44E8FEC9F29C}.Debug|x86.ActiveCfg = Debug|Any CPU
		{4991F737-CF83-4612-9FD9-44E8FEC9F29C}.Debug|x86.Build.0 = Debug|Any CPU
		{4991F737-CF83-4612-9FD9-44E8FEC9F29C}.Release|Any CPU.ActiveCfg = Release|Any CPU
		{4991F737-CF83-4612-9FD9-44E8FEC9F29C}.Release|Any CPU.Build.0 = Release|Any CPU
		{4991F737-CF83-4612-9FD9-44E8FEC9F29C}.Release|x64.ActiveCfg = Release|Any CPU
		{4991F737-CF83-4612-9FD9-44E8FEC9F29C}.Release|x64.Build.0 = Release|Any CPU
		{4991F737-CF83-4612-9FD9-44E8FEC9F29C}.Release|x86.ActiveCfg = Release|Any CPU
		{4991F737-CF83-4612-9FD9-44E8FEC9F29C}.Release|x86.Build.0 = Release|Any CPU
		{9F0BE0E2-8E44-4BFB-91E8-9E258C7E3C1E}.Debug|Any CPU.ActiveCfg = Debug|Any CPU
		{9F0BE0E2-8E44-4BFB-91E8-9E258C7E3C1E}.Debug|Any CPU.Build.0 = Debug|Any CPU
		{9F0BE0E2-8E44-4BFB-91E8-9E258C7E3C1E}.Debug|x64.ActiveCfg = Debug|Any CPU
		{9F0BE0E2-8E44-4BFB-91E8-9E258C7E3C1E}.Debug|x64.Build.0 = Debug|Any CPU
		{9F0BE0E2-8E44-4BFB-91E8-9E258C7E3C1E}.Debug|x86.ActiveCfg = Debug|Any CPU
		{9F0BE0E2-8E44-4BFB-91E8-9E258C7E3C1E}.Debug|x86.Build.0 = Debug|Any CPU
		{9F0BE0E2-8E44-4BFB-91E8-9E258C7E3C1E}.Release|Any CPU.ActiveCfg = Release|Any CPU
		{9F0BE0E2-8E44-4BFB-91E8-9E258C7E3C1E}.Release|Any CPU.Build.0 = Release|Any CPU
		{9F0BE0E2-8E44-4BFB-91E8-9E258C7E3C1E}.Release|x64.ActiveCfg = Release|Any CPU
		{9F0BE0E2-8E44-4BFB-91E8-9E258C7E3C1E}.Release|x64.Build.0 = Release|Any CPU
		{9F0BE0E2-8E44-4BFB-91E8-9E258C7E3C1E}.Release|x86.ActiveCfg = Release|Any CPU
		{9F0BE0E2-8E44-4BFB-91E8-9E258C7E3C1E}.Release|x86.Build.0 = Release|Any CPU
		{F3B6A1E0-5E9C-4EF4-9B8D-61EAE1BF7B11}.Debug|Any CPU.ActiveCfg = Debug|Any CPU
		{F3B6A1E0-5E9C-4EF4-9B8D-61EAE1BF7B11}.Debug|Any CPU.Build.0 = Debug|Any CPU
		{F3B6A1E0-5E9C-4EF4-9B8D-61EAE1BF7B11}.Debug|x64.ActiveCfg = Debug|Any CPU
		{F3B6A1E0-5E9C-4EF4-9B8D-61EAE1BF7B11}.Debug|x64.Build.0 = Debug|Any CPU
		{F3B6A1E0-5E9C-4EF4-9B8D-61EAE1BF7B11}.Debug|x86.ActiveCfg = Debug|Any CPU
		{F3B6A1E0-5E9C-4EF4-9B8D-61EAE1BF7B11}.Debug|x86.Build.0 = Debug|Any CPU
		{F3B6A1E0-5E9C-4EF4-9B8D-61EAE1BF7B11}.Release|Any CPU.ActiveCfg = Release|Any CPU
		{F3B6A1E0-5E9C-4EF4-9B8D-61EAE1BF7B11}.Release|Any CPU.Build.0 = Release|Any CPU
		{F3B6A1E0-5E9C-4EF4-9B8D-61EAE1BF7B11}.Release|x64.ActiveCfg = Release|Any CPU
		{F3B6A1E0-5E9C-4EF4-9B8D-61EAE1BF7B11}.Release|x64.Build.0 = Release|Any CPU
		{F3B6A1E0-5E9C-4EF4-9B8D-61EAE1BF7B11}.Release|x86.ActiveCfg = Release|Any CPU
		{F3B6A1E0-5E9C-4EF4-9B8D-61EAE1BF7B11}.Release|x86.Build.0 = Release|Any CPU
		{B9DA2F30-9E87-4FC2-8B7D-1C6C2C6735A3}.Debug|Any CPU.ActiveCfg = Debug|Any CPU
		{B9DA2F30-9E87-4FC2-8B7D-1C6C2C6735A3}.Debug|Any CPU.Build.0 = Debug|Any CPU
		{B9DA2F30-9E87-4FC2-8B7D-1C6C2C6735A3}.Debug|x64.ActiveCfg = Debug|Any CPU
		{B9DA2F30-9E87-4FC2-8B7D-1C6C2C6735A3}.Debug|x64.Build.0 = Debug|Any CPU
		{B9DA2F30-9E87-4FC2-8B7D-1C6C2C6735A3}.Debug|x86.ActiveCfg = Debug|Any CPU
		{B9DA2F30-9E87-4FC2-8B7D-1C6C2C6735A3}.Debug|x86.Build.0 = Debug|Any CPU
		{B9DA2F30-9E87-4FC2-8B7D-1C6C2C6735A3}.Release|Any CPU.ActiveCfg = Release|Any CPU
		{B9DA2F30-9E87-4FC2-8B7D-1C6C2C6735A3}.Release|Any CPU.Build.0 = Release|Any CPU
		{B9DA2F30-9E87-4FC2-8B7D-1C6C2C6735A3}.Release|x64.ActiveCfg = Release|Any CPU
		{B9DA2F30-9E87-4FC2-8B7D-1C6C2C6735A3}.Release|x64.Build.0 = Release|Any CPU
		{B9DA2F30-9E87-4FC2-8B7D-1C6C2C6735A3}.Release|x86.ActiveCfg = Release|Any CPU
		{B9DA2F30-9E87-4FC2-8B7D-1C6C2C6735A3}.Release|x86.Build.0 = Release|Any CPU
		{3CABF452-867F-46EE-990D-ADF1F8DEAA24}.Debug|Any CPU.ActiveCfg = Debug|Any CPU
		{3CABF452-867F-46EE-990D-ADF1F8DEAA24}.Debug|Any CPU.Build.0 = Debug|Any CPU
		{3CABF452-867F-46EE-990D-ADF1F8DEAA24}.Debug|x64.ActiveCfg = Debug|Any CPU
		{3CABF452-867F-46EE-990D-ADF1F8DEAA24}.Debug|x64.Build.0 = Debug|Any CPU
		{3CABF452-867F-46EE-990D-ADF1F8DEAA24}.Debug|x86.ActiveCfg = Debug|Any CPU
		{3CABF452-867F-46EE-990D-ADF1F8DEAA24}.Debug|x86.Build.0 = Debug|Any CPU
		{3CABF452-867F-46EE-990D-ADF1F8DEAA24}.Release|Any CPU.ActiveCfg = Release|Any CPU
		{3CABF452-867F-46EE-990D-ADF1F8DEAA24}.Release|Any CPU.Build.0 = Release|Any CPU
		{3CABF452-867F-46EE-990D-ADF1F8DEAA24}.Release|x64.ActiveCfg = Release|Any CPU
		{3CABF452-867F-46EE-990D-ADF1F8DEAA24}.Release|x64.Build.0 = Release|Any CPU
		{3CABF452-867F-46EE-990D-ADF1F8DEAA24}.Release|x86.ActiveCfg = Release|Any CPU
		{3CABF452-867F-46EE-990D-ADF1F8DEAA24}.Release|x86.Build.0 = Release|Any CPU
		{F7E4B0C1-2D2B-4E8C-9E44-9A6F0CE9D2C1}.Debug|Any CPU.ActiveCfg = Debug|Any CPU
		{F7E4B0C1-2D2B-4E8C-9E44-9A6F0CE9D2C1}.Debug|Any CPU.Build.0 = Debug|Any CPU
		{F7E4B0C1-2D2B-4E8C-9E44-9A6F0CE9D2C1}.Debug|x64.ActiveCfg = Debug|Any CPU
		{F7E4B0C1-2D2B-4E8C-9E44-9A6F0CE9D2C1}.Debug|x64.Build.0 = Debug|Any CPU
		{F7E4B0C1-2D2B-4E8C-9E44-9A6F0CE9D2C1}.Debug|x86.ActiveCfg = Debug|Any CPU
		{F7E4B0C1-2D2B-4E8C-9E44-9A6F0CE9D2C1}.Debug|x86.Build.0 = Debug|Any CPU
		{F7E4B0C1-2D2B-4E8C-9E44-9A6F0CE9D2C1}.Release|Any CPU.ActiveCfg = Release|Any CPU
		{F7E4B0C1-2D2B-4E8C-9E44-9A6F0CE9D2C1}.Release|Any CPU.Build.0 = Release|Any CPU
		{F7E4B0C1-2D2B-4E8C-9E44-9A6F0CE9D2C1}.Release|x64.ActiveCfg = Release|Any CPU
		{F7E4B0C1-2D2B-4E8C-9E44-9A6F0CE9D2C1}.Release|x64.Build.0 = Release|Any CPU
		{F7E4B0C1-2D2B-4E8C-9E44-9A6F0CE9D2C1}.Release|x86.ActiveCfg = Release|Any CPU
		{F7E4B0C1-2D2B-4E8C-9E44-9A6F0CE9D2C1}.Release|x86.Build.0 = Release|Any CPU
		{2A51B89D-6EC7-4F4E-9E25-1D0669E4E5E0}.Debug|Any CPU.ActiveCfg = Debug|Any CPU
		{2A51B89D-6EC7-4F4E-9E25-1D0669E4E5E0}.Debug|Any CPU.Build.0 = Debug|Any CPU
		{2A51B89D-6EC7-4F4E-9E25-1D0669E4E5E0}.Debug|x64.ActiveCfg = Debug|Any CPU
		{2A51B89D-6EC7-4F4E-9E25-1D0669E4E5E0}.Debug|x64.Build.0 = Debug|Any CPU
		{2A51B89D-6EC7-4F4E-9E25-1D0669E4E5E0}.Debug|x86.ActiveCfg = Debug|Any CPU
		{2A51B89D-6EC7-4F4E-9E25-1D0669E4E5E0}.Debug|x86.Build.0 = Debug|Any CPU
		{2A51B89D-6EC7-4F4E-9E25-1D0669E4E5E0}.Release|Any CPU.ActiveCfg = Release|Any CPU
		{2A51B89D-6EC7-4F4E-9E25-1D0669E4E5E0}.Release|Any CPU.Build.0 = Release|Any CPU
		{2A51B89D-6EC7-4F4E-9E25-1D0669E4E5E0}.Release|x64.ActiveCfg = Release|Any CPU
		{2A51B89D-6EC7-4F4E-9E25-1D0669E4E5E0}.Release|x64.Build.0 = Release|Any CPU
		{2A51B89D-6EC7-4F4E-9E25-1D0669E4E5E0}.Release|x86.ActiveCfg = Release|Any CPU
		{2A51B89D-6EC7-4F4E-9E25-1D0669E4E5E0}.Release|x86.Build.0 = Release|Any CPU
		{A8C9D25E-2E0E-4F17-94F9-7D7E8F2A9C30}.Debug|Any CPU.ActiveCfg = Debug|Any CPU
		{A8C9D25E-2E0E-4F17-94F9-7D7E8F2A9C30}.Debug|Any CPU.Build.0 = Debug|Any CPU
		{A8C9D25E-2E0E-4F17-94F9-7D7E8F2A9C30}.Debug|x64.ActiveCfg = Debug|Any CPU
		{A8C9D25E-2E0E-4F17-94F9-7D7E8F2A9C30}.Debug|x64.Build.0 = Debug|Any CPU
		{A8C9D25E-2E0E-4F17-94F9-7D7E8F2A9C30}.Debug|x86.ActiveCfg = Debug|Any CPU
		{A8C9D25E-2E0E-4F17-94F9-7D7E8F2A9C30}.Debug|x86.Build.0 = Debug|Any CPU
		{A8C9D25E-2E0E-4F17-94F9-7D7E8F2A9C30}.Release|Any CPU.ActiveCfg = Release|Any CPU
		{A8C9D25E-2E0E-4F17-94F9-7D7E8F2A9C30}.Release|Any CPU.Build.0 = Release|Any CPU
		{A8C9D25E-2E0E-4F17-94F9-7D7E8F2A9C30}.Release|x64.ActiveCfg = Release|Any CPU
		{A8C9D25E-2E0E-4F17-94F9-7D7E8F2A9C30}.Release|x64.Build.0 = Release|Any CPU
		{A8C9D25E-2E0E-4F17-94F9-7D7E8F2A9C30}.Release|x86.ActiveCfg = Release|Any CPU
		{A8C9D25E-2E0E-4F17-94F9-7D7E8F2A9C30}.Release|x86.Build.0 = Release|Any CPU
		{4B7E6B3D-5E3A-4E93-8B65-5C9E14B9C2A1}.Debug|Any CPU.ActiveCfg = Debug|Any CPU
		{4B7E6B3D-5E3A-4E93-8B65-5C9E14B9C2A1}.Debug|Any CPU.Build.0 = Debug|Any CPU
		{4B7E6B3D-5E3A-4E93-8B65-5C9E14B9C2A1}.Debug|x64.ActiveCfg = Debug|Any CPU
		{4B7E6B3D-5E3A-4E93-8B65-5C9E14B9C2A1}.Debug|x64.Build.0 = Debug|Any CPU
		{4B7E6B3D-5E3A-4E93-8B65-5C9E14B9C2A1}.Debug|x86.ActiveCfg = Debug|Any CPU
		{4B7E6B3D-5E3A-4E93-8B65-5C9E14B9C2A1}.Debug|x86.Build.0 = Debug|Any CPU
		{4B7E6B3D-5E3A-4E93-8B65-5C9E14B9C2A1}.Release|Any CPU.ActiveCfg = Release|Any CPU
		{4B7E6B3D-5E3A-4E93-8B65-5C9E14B9C2A1}.Release|Any CPU.Build.0 = Release|Any CPU
		{4B7E6B3D-5E3A-4E93-8B65-5C9E14B9C2A1}.Release|x64.ActiveCfg = Release|Any CPU
		{4B7E6B3D-5E3A-4E93-8B65-5C9E14B9C2A1}.Release|x64.Build.0 = Release|Any CPU
		{4B7E6B3D-5E3A-4E93-8B65-5C9E14B9C2A1}.Release|x86.ActiveCfg = Release|Any CPU
		{4B7E6B3D-5E3A-4E93-8B65-5C9E14B9C2A1}.Release|x86.Build.0 = Release|Any CPU
		{E5A33E8C-3C50-4C84-A5BC-3B36EFBB2E0A}.Debug|Any CPU.ActiveCfg = Debug|Any CPU
		{E5A33E8C-3C50-4C84-A5BC-3B36EFBB2E0A}.Debug|Any CPU.Build.0 = Debug|Any CPU
		{E5A33E8C-3C50-4C84-A5BC-3B36EFBB2E0A}.Debug|x64.ActiveCfg = Debug|Any CPU
		{E5A33E8C-3C50-4C84-A5BC-3B36EFBB2E0A}.Debug|x64.Build.0 = Debug|Any CPU
		{E5A33E8C-3C50-4C84-A5BC-3B36EFBB2E0A}.Debug|x86.ActiveCfg = Debug|Any CPU
		{E5A33E8C-3C50-4C84-A5BC-3B36EFBB2E0A}.Debug|x86.Build.0 = Debug|Any CPU
		{E5A33E8C-3C50-4C84-A5BC-3B36EFBB2E0A}.Release|Any CPU.ActiveCfg = Release|Any CPU
		{E5A33E8C-3C50-4C84-A5BC-3B36EFBB2E0A}.Release|Any CPU.Build.0 = Release|Any CPU
		{E5A33E8C-3C50-4C84-A5BC-3B36EFBB2E0A}.Release|x64.ActiveCfg = Release|Any CPU
		{E5A33E8C-3C50-4C84-A5BC-3B36EFBB2E0A}.Release|x64.Build.0 = Release|Any CPU
		{E5A33E8C-3C50-4C84-A5BC-3B36EFBB2E0A}.Release|x86.ActiveCfg = Release|Any CPU
		{E5A33E8C-3C50-4C84-A5BC-3B36EFBB2E0A}.Release|x86.Build.0 = Release|Any CPU
		{334A8E5A-AE90-4A5F-B569-B48CFCC2DFCA}.Debug|Any CPU.ActiveCfg = Debug|Any CPU
		{334A8E5A-AE90-4A5F-B569-B48CFCC2DFCA}.Debug|Any CPU.Build.0 = Debug|Any CPU
		{334A8E5A-AE90-4A5F-B569-B48CFCC2DFCA}.Debug|x64.ActiveCfg = Debug|Any CPU
		{334A8E5A-AE90-4A5F-B569-B48CFCC2DFCA}.Debug|x64.Build.0 = Debug|Any CPU
		{334A8E5A-AE90-4A5F-B569-B48CFCC2DFCA}.Debug|x86.ActiveCfg = Debug|Any CPU
		{334A8E5A-AE90-4A5F-B569-B48CFCC2DFCA}.Debug|x86.Build.0 = Debug|Any CPU
		{334A8E5A-AE90-4A5F-B569-B48CFCC2DFCA}.Release|Any CPU.ActiveCfg = Release|Any CPU
		{334A8E5A-AE90-4A5F-B569-B48CFCC2DFCA}.Release|Any CPU.Build.0 = Release|Any CPU
		{334A8E5A-AE90-4A5F-B569-B48CFCC2DFCA}.Release|x64.ActiveCfg = Release|Any CPU
		{334A8E5A-AE90-4A5F-B569-B48CFCC2DFCA}.Release|x64.Build.0 = Release|Any CPU
		{334A8E5A-AE90-4A5F-B569-B48CFCC2DFCA}.Release|x86.ActiveCfg = Release|Any CPU
		{334A8E5A-AE90-4A5F-B569-B48CFCC2DFCA}.Release|x86.Build.0 = Release|Any CPU
		{1D12D25A-F194-4F42-BE3A-DF219A9BEB6C}.Debug|Any CPU.ActiveCfg = Debug|Any CPU
		{1D12D25A-F194-4F42-BE3A-DF219A9BEB6C}.Debug|Any CPU.Build.0 = Debug|Any CPU
		{1D12D25A-F194-4F42-BE3A-DF219A9BEB6C}.Debug|x64.ActiveCfg = Debug|Any CPU
		{1D12D25A-F194-4F42-BE3A-DF219A9BEB6C}.Debug|x64.Build.0 = Debug|Any CPU
		{1D12D25A-F194-4F42-BE3A-DF219A9BEB6C}.Debug|x86.ActiveCfg = Debug|Any CPU
		{1D12D25A-F194-4F42-BE3A-DF219A9BEB6C}.Debug|x86.Build.0 = Debug|Any CPU
		{1D12D25A-F194-4F42-BE3A-DF219A9BEB6C}.Release|Any CPU.ActiveCfg = Release|Any CPU
		{1D12D25A-F194-4F42-BE3A-DF219A9BEB6C}.Release|Any CPU.Build.0 = Release|Any CPU
		{1D12D25A-F194-4F42-BE3A-DF219A9BEB6C}.Release|x64.ActiveCfg = Release|Any CPU
		{1D12D25A-F194-4F42-BE3A-DF219A9BEB6C}.Release|x64.Build.0 = Release|Any CPU
		{1D12D25A-F194-4F42-BE3A-DF219A9BEB6C}.Release|x86.ActiveCfg = Release|Any CPU
		{1D12D25A-F194-4F42-BE3A-DF219A9BEB6C}.Release|x86.Build.0 = Release|Any CPU
		{3FC87491-612F-4CE2-86C1-928CB00B5CCC}.Debug|Any CPU.ActiveCfg = Debug|Any CPU
		{3FC87491-612F-4CE2-86C1-928CB00B5CCC}.Debug|Any CPU.Build.0 = Debug|Any CPU
		{3FC87491-612F-4CE2-86C1-928CB00B5CCC}.Debug|x64.ActiveCfg = Debug|Any CPU
		{3FC87491-612F-4CE2-86C1-928CB00B5CCC}.Debug|x64.Build.0 = Debug|Any CPU
		{3FC87491-612F-4CE2-86C1-928CB00B5CCC}.Debug|x86.ActiveCfg = Debug|Any CPU
		{3FC87491-612F-4CE2-86C1-928CB00B5CCC}.Debug|x86.Build.0 = Debug|Any CPU
		{3FC87491-612F-4CE2-86C1-928CB00B5CCC}.Release|Any CPU.ActiveCfg = Release|Any CPU
		{3FC87491-612F-4CE2-86C1-928CB00B5CCC}.Release|Any CPU.Build.0 = Release|Any CPU
		{3FC87491-612F-4CE2-86C1-928CB00B5CCC}.Release|x64.ActiveCfg = Release|Any CPU
		{3FC87491-612F-4CE2-86C1-928CB00B5CCC}.Release|x64.Build.0 = Release|Any CPU
		{3FC87491-612F-4CE2-86C1-928CB00B5CCC}.Release|x86.ActiveCfg = Release|Any CPU
		{3FC87491-612F-4CE2-86C1-928CB00B5CCC}.Release|x86.Build.0 = Release|Any CPU
		{0EC92EBD-CC50-450A-B052-9A31E3F7B97E}.Debug|Any CPU.ActiveCfg = Debug|Any CPU
		{0EC92EBD-CC50-450A-B052-9A31E3F7B97E}.Debug|Any CPU.Build.0 = Debug|Any CPU
		{0EC92EBD-CC50-450A-B052-9A31E3F7B97E}.Debug|x64.ActiveCfg = Debug|Any CPU
		{0EC92EBD-CC50-450A-B052-9A31E3F7B97E}.Debug|x64.Build.0 = Debug|Any CPU
		{0EC92EBD-CC50-450A-B052-9A31E3F7B97E}.Debug|x86.ActiveCfg = Debug|Any CPU
		{0EC92EBD-CC50-450A-B052-9A31E3F7B97E}.Debug|x86.Build.0 = Debug|Any CPU
		{0EC92EBD-CC50-450A-B052-9A31E3F7B97E}.Release|Any CPU.ActiveCfg = Release|Any CPU
		{0EC92EBD-CC50-450A-B052-9A31E3F7B97E}.Release|Any CPU.Build.0 = Release|Any CPU
		{0EC92EBD-CC50-450A-B052-9A31E3F7B97E}.Release|x64.ActiveCfg = Release|Any CPU
		{0EC92EBD-CC50-450A-B052-9A31E3F7B97E}.Release|x64.Build.0 = Release|Any CPU
		{0EC92EBD-CC50-450A-B052-9A31E3F7B97E}.Release|x86.ActiveCfg = Release|Any CPU
		{0EC92EBD-CC50-450A-B052-9A31E3F7B97E}.Release|x86.Build.0 = Release|Any CPU
		{068833B6-F327-43E9-9EBC-41287DFB56BE}.Debug|Any CPU.ActiveCfg = Debug|Any CPU
		{068833B6-F327-43E9-9EBC-41287DFB56BE}.Debug|Any CPU.Build.0 = Debug|Any CPU
		{068833B6-F327-43E9-9EBC-41287DFB56BE}.Debug|x64.ActiveCfg = Debug|Any CPU
		{068833B6-F327-43E9-9EBC-41287DFB56BE}.Debug|x64.Build.0 = Debug|Any CPU
		{068833B6-F327-43E9-9EBC-41287DFB56BE}.Debug|x86.ActiveCfg = Debug|Any CPU
		{068833B6-F327-43E9-9EBC-41287DFB56BE}.Debug|x86.Build.0 = Debug|Any CPU
		{068833B6-F327-43E9-9EBC-41287DFB56BE}.Release|Any CPU.ActiveCfg = Release|Any CPU
		{068833B6-F327-43E9-9EBC-41287DFB56BE}.Release|Any CPU.Build.0 = Release|Any CPU
		{068833B6-F327-43E9-9EBC-41287DFB56BE}.Release|x64.ActiveCfg = Release|Any CPU
		{068833B6-F327-43E9-9EBC-41287DFB56BE}.Release|x64.Build.0 = Release|Any CPU
		{068833B6-F327-43E9-9EBC-41287DFB56BE}.Release|x86.ActiveCfg = Release|Any CPU
		{068833B6-F327-43E9-9EBC-41287DFB56BE}.Release|x86.Build.0 = Release|Any CPU
		{766EEAB4-0147-417D-90C3-B72315E21C78}.Debug|Any CPU.ActiveCfg = Debug|Any CPU
		{766EEAB4-0147-417D-90C3-B72315E21C78}.Debug|Any CPU.Build.0 = Debug|Any CPU
		{766EEAB4-0147-417D-90C3-B72315E21C78}.Debug|x64.ActiveCfg = Debug|Any CPU
		{766EEAB4-0147-417D-90C3-B72315E21C78}.Debug|x64.Build.0 = Debug|Any CPU
		{766EEAB4-0147-417D-90C3-B72315E21C78}.Debug|x86.ActiveCfg = Debug|Any CPU
		{766EEAB4-0147-417D-90C3-B72315E21C78}.Debug|x86.Build.0 = Debug|Any CPU
		{766EEAB4-0147-417D-90C3-B72315E21C78}.Release|Any CPU.ActiveCfg = Release|Any CPU
		{766EEAB4-0147-417D-90C3-B72315E21C78}.Release|Any CPU.Build.0 = Release|Any CPU
		{766EEAB4-0147-417D-90C3-B72315E21C78}.Release|x64.ActiveCfg = Release|Any CPU
		{766EEAB4-0147-417D-90C3-B72315E21C78}.Release|x64.Build.0 = Release|Any CPU
		{766EEAB4-0147-417D-90C3-B72315E21C78}.Release|x86.ActiveCfg = Release|Any CPU
		{766EEAB4-0147-417D-90C3-B72315E21C78}.Release|x86.Build.0 = Release|Any CPU
		{6399E061-9775-4B0F-B0D9-13DE2C24A1C5}.Debug|Any CPU.ActiveCfg = Debug|Any CPU
		{6399E061-9775-4B0F-B0D9-13DE2C24A1C5}.Debug|Any CPU.Build.0 = Debug|Any CPU
		{6399E061-9775-4B0F-B0D9-13DE2C24A1C5}.Debug|x64.ActiveCfg = Debug|Any CPU
		{6399E061-9775-4B0F-B0D9-13DE2C24A1C5}.Debug|x64.Build.0 = Debug|Any CPU
		{6399E061-9775-4B0F-B0D9-13DE2C24A1C5}.Debug|x86.ActiveCfg = Debug|Any CPU
		{6399E061-9775-4B0F-B0D9-13DE2C24A1C5}.Debug|x86.Build.0 = Debug|Any CPU
		{6399E061-9775-4B0F-B0D9-13DE2C24A1C5}.Release|Any CPU.ActiveCfg = Release|Any CPU
		{6399E061-9775-4B0F-B0D9-13DE2C24A1C5}.Release|Any CPU.Build.0 = Release|Any CPU
		{6399E061-9775-4B0F-B0D9-13DE2C24A1C5}.Release|x64.ActiveCfg = Release|Any CPU
		{6399E061-9775-4B0F-B0D9-13DE2C24A1C5}.Release|x64.Build.0 = Release|Any CPU
		{6399E061-9775-4B0F-B0D9-13DE2C24A1C5}.Release|x86.ActiveCfg = Release|Any CPU
		{6399E061-9775-4B0F-B0D9-13DE2C24A1C5}.Release|x86.Build.0 = Release|Any CPU
		{277696AD-6C7D-4881-8AA9-77AE0C6CF541}.Debug|Any CPU.ActiveCfg = Debug|Any CPU
		{277696AD-6C7D-4881-8AA9-77AE0C6CF541}.Debug|Any CPU.Build.0 = Debug|Any CPU
		{277696AD-6C7D-4881-8AA9-77AE0C6CF541}.Debug|x64.ActiveCfg = Debug|Any CPU
		{277696AD-6C7D-4881-8AA9-77AE0C6CF541}.Debug|x64.Build.0 = Debug|Any CPU
		{277696AD-6C7D-4881-8AA9-77AE0C6CF541}.Debug|x86.ActiveCfg = Debug|Any CPU
		{277696AD-6C7D-4881-8AA9-77AE0C6CF541}.Debug|x86.Build.0 = Debug|Any CPU
		{277696AD-6C7D-4881-8AA9-77AE0C6CF541}.Release|Any CPU.ActiveCfg = Release|Any CPU
		{277696AD-6C7D-4881-8AA9-77AE0C6CF541}.Release|Any CPU.Build.0 = Release|Any CPU
		{277696AD-6C7D-4881-8AA9-77AE0C6CF541}.Release|x64.ActiveCfg = Release|Any CPU
		{277696AD-6C7D-4881-8AA9-77AE0C6CF541}.Release|x64.Build.0 = Release|Any CPU
		{277696AD-6C7D-4881-8AA9-77AE0C6CF541}.Release|x86.ActiveCfg = Release|Any CPU
		{277696AD-6C7D-4881-8AA9-77AE0C6CF541}.Release|x86.Build.0 = Release|Any CPU
		{2D1F4EE1-FDDF-48F1-AE1D-99B99E002BB5}.Debug|Any CPU.ActiveCfg = Debug|Any CPU
		{2D1F4EE1-FDDF-48F1-AE1D-99B99E002BB5}.Debug|Any CPU.Build.0 = Debug|Any CPU
		{2D1F4EE1-FDDF-48F1-AE1D-99B99E002BB5}.Debug|x64.ActiveCfg = Debug|Any CPU
		{2D1F4EE1-FDDF-48F1-AE1D-99B99E002BB5}.Debug|x64.Build.0 = Debug|Any CPU
		{2D1F4EE1-FDDF-48F1-AE1D-99B99E002BB5}.Debug|x86.ActiveCfg = Debug|Any CPU
		{2D1F4EE1-FDDF-48F1-AE1D-99B99E002BB5}.Debug|x86.Build.0 = Debug|Any CPU
		{2D1F4EE1-FDDF-48F1-AE1D-99B99E002BB5}.Release|Any CPU.ActiveCfg = Release|Any CPU
		{2D1F4EE1-FDDF-48F1-AE1D-99B99E002BB5}.Release|Any CPU.Build.0 = Release|Any CPU
		{2D1F4EE1-FDDF-48F1-AE1D-99B99E002BB5}.Release|x64.ActiveCfg = Release|Any CPU
		{2D1F4EE1-FDDF-48F1-AE1D-99B99E002BB5}.Release|x64.Build.0 = Release|Any CPU
		{2D1F4EE1-FDDF-48F1-AE1D-99B99E002BB5}.Release|x86.ActiveCfg = Release|Any CPU
		{2D1F4EE1-FDDF-48F1-AE1D-99B99E002BB5}.Release|x86.Build.0 = Release|Any CPU
		{2FF76318-6B37-4651-B1CA-074222AB9065}.Debug|Any CPU.ActiveCfg = Debug|Any CPU
		{2FF76318-6B37-4651-B1CA-074222AB9065}.Debug|Any CPU.Build.0 = Debug|Any CPU
		{2FF76318-6B37-4651-B1CA-074222AB9065}.Debug|x64.ActiveCfg = Debug|Any CPU
		{2FF76318-6B37-4651-B1CA-074222AB9065}.Debug|x64.Build.0 = Debug|Any CPU
		{2FF76318-6B37-4651-B1CA-074222AB9065}.Debug|x86.ActiveCfg = Debug|Any CPU
		{2FF76318-6B37-4651-B1CA-074222AB9065}.Debug|x86.Build.0 = Debug|Any CPU
		{2FF76318-6B37-4651-B1CA-074222AB9065}.Release|Any CPU.ActiveCfg = Release|Any CPU
		{2FF76318-6B37-4651-B1CA-074222AB9065}.Release|Any CPU.Build.0 = Release|Any CPU
		{2FF76318-6B37-4651-B1CA-074222AB9065}.Release|x64.ActiveCfg = Release|Any CPU
		{2FF76318-6B37-4651-B1CA-074222AB9065}.Release|x64.Build.0 = Release|Any CPU
		{2FF76318-6B37-4651-B1CA-074222AB9065}.Release|x86.ActiveCfg = Release|Any CPU
		{2FF76318-6B37-4651-B1CA-074222AB9065}.Release|x86.Build.0 = Release|Any CPU
		{2E964D5D-2EFF-4E81-B694-F98AA608214F}.Debug|Any CPU.ActiveCfg = Debug|Any CPU
		{2E964D5D-2EFF-4E81-B694-F98AA608214F}.Debug|Any CPU.Build.0 = Debug|Any CPU
		{2E964D5D-2EFF-4E81-B694-F98AA608214F}.Debug|x64.ActiveCfg = Debug|Any CPU
		{2E964D5D-2EFF-4E81-B694-F98AA608214F}.Debug|x64.Build.0 = Debug|Any CPU
		{2E964D5D-2EFF-4E81-B694-F98AA608214F}.Debug|x86.ActiveCfg = Debug|Any CPU
		{2E964D5D-2EFF-4E81-B694-F98AA608214F}.Debug|x86.Build.0 = Debug|Any CPU
		{2E964D5D-2EFF-4E81-B694-F98AA608214F}.Release|Any CPU.ActiveCfg = Release|Any CPU
		{2E964D5D-2EFF-4E81-B694-F98AA608214F}.Release|Any CPU.Build.0 = Release|Any CPU
		{2E964D5D-2EFF-4E81-B694-F98AA608214F}.Release|x64.ActiveCfg = Release|Any CPU
		{2E964D5D-2EFF-4E81-B694-F98AA608214F}.Release|x64.Build.0 = Release|Any CPU
		{2E964D5D-2EFF-4E81-B694-F98AA608214F}.Release|x86.ActiveCfg = Release|Any CPU
		{2E964D5D-2EFF-4E81-B694-F98AA608214F}.Release|x86.Build.0 = Release|Any CPU
		{8F6928CE-5D5E-456F-A902-6F5896D1E020}.Debug|Any CPU.ActiveCfg = Debug|Any CPU
		{8F6928CE-5D5E-456F-A902-6F5896D1E020}.Debug|Any CPU.Build.0 = Debug|Any CPU
		{8F6928CE-5D5E-456F-A902-6F5896D1E020}.Debug|x64.ActiveCfg = Debug|Any CPU
		{8F6928CE-5D5E-456F-A902-6F5896D1E020}.Debug|x64.Build.0 = Debug|Any CPU
		{8F6928CE-5D5E-456F-A902-6F5896D1E020}.Debug|x86.ActiveCfg = Debug|Any CPU
		{8F6928CE-5D5E-456F-A902-6F5896D1E020}.Debug|x86.Build.0 = Debug|Any CPU
		{8F6928CE-5D5E-456F-A902-6F5896D1E020}.Release|Any CPU.ActiveCfg = Release|Any CPU
		{8F6928CE-5D5E-456F-A902-6F5896D1E020}.Release|Any CPU.Build.0 = Release|Any CPU
		{8F6928CE-5D5E-456F-A902-6F5896D1E020}.Release|x64.ActiveCfg = Release|Any CPU
		{8F6928CE-5D5E-456F-A902-6F5896D1E020}.Release|x64.Build.0 = Release|Any CPU
		{8F6928CE-5D5E-456F-A902-6F5896D1E020}.Release|x86.ActiveCfg = Release|Any CPU
		{8F6928CE-5D5E-456F-A902-6F5896D1E020}.Release|x86.Build.0 = Release|Any CPU
		{7FA92DE8-11B2-4AE8-8466-0B3F960CE8E3}.Debug|Any CPU.ActiveCfg = Debug|Any CPU
		{7FA92DE8-11B2-4AE8-8466-0B3F960CE8E3}.Debug|Any CPU.Build.0 = Debug|Any CPU
		{7FA92DE8-11B2-4AE8-8466-0B3F960CE8E3}.Debug|x64.ActiveCfg = Debug|Any CPU
		{7FA92DE8-11B2-4AE8-8466-0B3F960CE8E3}.Debug|x64.Build.0 = Debug|Any CPU
		{7FA92DE8-11B2-4AE8-8466-0B3F960CE8E3}.Debug|x86.ActiveCfg = Debug|Any CPU
		{7FA92DE8-11B2-4AE8-8466-0B3F960CE8E3}.Debug|x86.Build.0 = Debug|Any CPU
		{7FA92DE8-11B2-4AE8-8466-0B3F960CE8E3}.Release|Any CPU.ActiveCfg = Release|Any CPU
		{7FA92DE8-11B2-4AE8-8466-0B3F960CE8E3}.Release|Any CPU.Build.0 = Release|Any CPU
		{7FA92DE8-11B2-4AE8-8466-0B3F960CE8E3}.Release|x64.ActiveCfg = Release|Any CPU
		{7FA92DE8-11B2-4AE8-8466-0B3F960CE8E3}.Release|x64.Build.0 = Release|Any CPU
		{7FA92DE8-11B2-4AE8-8466-0B3F960CE8E3}.Release|x86.ActiveCfg = Release|Any CPU
		{7FA92DE8-11B2-4AE8-8466-0B3F960CE8E3}.Release|x86.Build.0 = Release|Any CPU
		{602C8C1E-1980-46D6-854D-53496E6F895E}.Debug|Any CPU.ActiveCfg = Debug|Any CPU
		{602C8C1E-1980-46D6-854D-53496E6F895E}.Debug|Any CPU.Build.0 = Debug|Any CPU
		{602C8C1E-1980-46D6-854D-53496E6F895E}.Debug|x64.ActiveCfg = Debug|Any CPU
		{602C8C1E-1980-46D6-854D-53496E6F895E}.Debug|x64.Build.0 = Debug|Any CPU
		{602C8C1E-1980-46D6-854D-53496E6F895E}.Debug|x86.ActiveCfg = Debug|Any CPU
		{602C8C1E-1980-46D6-854D-53496E6F895E}.Debug|x86.Build.0 = Debug|Any CPU
		{602C8C1E-1980-46D6-854D-53496E6F895E}.Release|Any CPU.ActiveCfg = Release|Any CPU
		{602C8C1E-1980-46D6-854D-53496E6F895E}.Release|Any CPU.Build.0 = Release|Any CPU
		{602C8C1E-1980-46D6-854D-53496E6F895E}.Release|x64.ActiveCfg = Release|Any CPU
		{602C8C1E-1980-46D6-854D-53496E6F895E}.Release|x64.Build.0 = Release|Any CPU
		{602C8C1E-1980-46D6-854D-53496E6F895E}.Release|x86.ActiveCfg = Release|Any CPU
		{602C8C1E-1980-46D6-854D-53496E6F895E}.Release|x86.Build.0 = Release|Any CPU
		{BAADCD4B-C327-4810-A4E3-551A234752CC}.Debug|Any CPU.ActiveCfg = Debug|Any CPU
		{BAADCD4B-C327-4810-A4E3-551A234752CC}.Debug|Any CPU.Build.0 = Debug|Any CPU
		{BAADCD4B-C327-4810-A4E3-551A234752CC}.Debug|x64.ActiveCfg = Debug|Any CPU
		{BAADCD4B-C327-4810-A4E3-551A234752CC}.Debug|x64.Build.0 = Debug|Any CPU
		{BAADCD4B-C327-4810-A4E3-551A234752CC}.Debug|x86.ActiveCfg = Debug|Any CPU
		{BAADCD4B-C327-4810-A4E3-551A234752CC}.Debug|x86.Build.0 = Debug|Any CPU
		{BAADCD4B-C327-4810-A4E3-551A234752CC}.Release|Any CPU.ActiveCfg = Release|Any CPU
		{BAADCD4B-C327-4810-A4E3-551A234752CC}.Release|Any CPU.Build.0 = Release|Any CPU
		{BAADCD4B-C327-4810-A4E3-551A234752CC}.Release|x64.ActiveCfg = Release|Any CPU
		{BAADCD4B-C327-4810-A4E3-551A234752CC}.Release|x64.Build.0 = Release|Any CPU
		{BAADCD4B-C327-4810-A4E3-551A234752CC}.Release|x86.ActiveCfg = Release|Any CPU
		{BAADCD4B-C327-4810-A4E3-551A234752CC}.Release|x86.Build.0 = Release|Any CPU
		{AB18171D-C98D-42DA-B2CB-4AC332520DAD}.Debug|Any CPU.ActiveCfg = Debug|Any CPU
		{AB18171D-C98D-42DA-B2CB-4AC332520DAD}.Debug|Any CPU.Build.0 = Debug|Any CPU
		{AB18171D-C98D-42DA-B2CB-4AC332520DAD}.Debug|x64.ActiveCfg = Debug|Any CPU
		{AB18171D-C98D-42DA-B2CB-4AC332520DAD}.Debug|x64.Build.0 = Debug|Any CPU
		{AB18171D-C98D-42DA-B2CB-4AC332520DAD}.Debug|x86.ActiveCfg = Debug|Any CPU
		{AB18171D-C98D-42DA-B2CB-4AC332520DAD}.Debug|x86.Build.0 = Debug|Any CPU
		{AB18171D-C98D-42DA-B2CB-4AC332520DAD}.Release|Any CPU.ActiveCfg = Release|Any CPU
		{AB18171D-C98D-42DA-B2CB-4AC332520DAD}.Release|Any CPU.Build.0 = Release|Any CPU
		{AB18171D-C98D-42DA-B2CB-4AC332520DAD}.Release|x64.ActiveCfg = Release|Any CPU
		{AB18171D-C98D-42DA-B2CB-4AC332520DAD}.Release|x64.Build.0 = Release|Any CPU
		{AB18171D-C98D-42DA-B2CB-4AC332520DAD}.Release|x86.ActiveCfg = Release|Any CPU
		{AB18171D-C98D-42DA-B2CB-4AC332520DAD}.Release|x86.Build.0 = Release|Any CPU
	EndGlobalSection
	GlobalSection(SolutionProperties) = preSolution
		HideSolutionNode = FALSE
	EndGlobalSection
	GlobalSection(NestedProjects) = preSolution
		{6399E061-9775-4B0F-B0D9-13DE2C24A1C5} = {5D20AA90-6969-D8BD-9DCD-8634F4692FDA}
		{277696AD-6C7D-4881-8AA9-77AE0C6CF541} = {5D20AA90-6969-D8BD-9DCD-8634F4692FDA}
		{8F6928CE-5D5E-456F-A902-6F5896D1E020} = {28A4673F-9138-6225-6D15-8B1CCBEDA19D}
		{602C8C1E-1980-46D6-854D-53496E6F895E} = {28A4673F-9138-6225-6D15-8B1CCBEDA19D}
		{BAADCD4B-C327-4810-A4E3-551A234752CC} = {28A4673F-9138-6225-6D15-8B1CCBEDA19D}
		{AB18171D-C98D-42DA-B2CB-4AC332520DAD} = {28A4673F-9138-6225-6D15-8B1CCBEDA19D}
	EndGlobalSection
EndGlobal
